// !$*UTF8*$!
{
	archiveVersion = 1;
	classes = {
	};
	objectVersion = 50;
	objects = {

/* Begin PBXBuildFile section */
		0D688522DC2055097D4F50A0 /* Pods_imh_corp_ios.framework in Frameworks */ = {isa = PBXBuildFile; fileRef = FA73C63CBD60B29505B1F676 /* Pods_imh_corp_ios.framework */; };
		B9D90EF4F711B91A51CF8641 /* Pods_imh_corp_iosTests.framework in Frameworks */ = {isa = PBXBuildFile; fileRef = 284E760EB484448212786CAC /* Pods_imh_corp_iosTests.framework */; };
		FFAB4E892163465F00AE82EA /* imh_corp_iosTests.swift in Sources */ = {isa = PBXBuildFile; fileRef = FFAB4E882163465F00AE82EA /* imh_corp_iosTests.swift */; };
		FFAB4E942163489200AE82EA /* Podfile in Resources */ = {isa = PBXBuildFile; fileRef = FFAB4E932163489200AE82EA /* Podfile */; };
		FFAB4EA0216348B200AE82EA /* AppDelegate.swift in Sources */ = {isa = PBXBuildFile; fileRef = FFAB4E96216348B200AE82EA /* AppDelegate.swift */; };
		FFAB4EA1216348B200AE82EA /* Assets.xcassets in Resources */ = {isa = PBXBuildFile; fileRef = FFAB4E9A216348B200AE82EA /* Assets.xcassets */; };
		FFAB4EA2216348B200AE82EA /* LaunchScreen.storyboard in Resources */ = {isa = PBXBuildFile; fileRef = FFAB4E9B216348B200AE82EA /* LaunchScreen.storyboard */; };
		FFAB4EA3216348B200AE82EA /* Main.storyboard in Resources */ = {isa = PBXBuildFile; fileRef = FFAB4E9D216348B200AE82EA /* Main.storyboard */; };
		FFAB4EA7216348C500AE82EA /* ViewController.swift in Sources */ = {isa = PBXBuildFile; fileRef = FFAB4EA6216348C500AE82EA /* ViewController.swift */; };
/* End PBXBuildFile section */

/* Begin PBXContainerItemProxy section */
		FFAB4E852163465F00AE82EA /* PBXContainerItemProxy */ = {
			isa = PBXContainerItemProxy;
			containerPortal = FFAB4E682163465C00AE82EA /* Project object */;
			proxyType = 1;
			remoteGlobalIDString = FFAB4E6F2163465C00AE82EA;
			remoteInfo = imh_corp_ios;
		};
/* End PBXContainerItemProxy section */

/* Begin PBXFileReference section */
		0810B094BC5ED48F45CB4854 /* Pods-imh_corp_ios.release.xcconfig */ = {isa = PBXFileReference; includeInIndex = 1; lastKnownFileType = text.xcconfig; name = "Pods-imh_corp_ios.release.xcconfig"; path = "Pods/Target Support Files/Pods-imh_corp_ios/Pods-imh_corp_ios.release.xcconfig"; sourceTree = "<group>"; };
		284E760EB484448212786CAC /* Pods_imh_corp_iosTests.framework */ = {isa = PBXFileReference; explicitFileType = wrapper.framework; includeInIndex = 0; path = Pods_imh_corp_iosTests.framework; sourceTree = BUILT_PRODUCTS_DIR; };
		2FCE2C9C9883EA1FDC817CBE /* Pods-imh_corp_iosTests.release.xcconfig */ = {isa = PBXFileReference; includeInIndex = 1; lastKnownFileType = text.xcconfig; name = "Pods-imh_corp_iosTests.release.xcconfig"; path = "Pods/Target Support Files/Pods-imh_corp_iosTests/Pods-imh_corp_iosTests.release.xcconfig"; sourceTree = "<group>"; };
		4D0D0FFB817B6CB098FDE1BA /* Pods-imh_corp_iosTests.debug.xcconfig */ = {isa = PBXFileReference; includeInIndex = 1; lastKnownFileType = text.xcconfig; name = "Pods-imh_corp_iosTests.debug.xcconfig"; path = "Pods/Target Support Files/Pods-imh_corp_iosTests/Pods-imh_corp_iosTests.debug.xcconfig"; sourceTree = "<group>"; };
		5F0C5A58696AEC9B6853308C /* Pods-imh_corp_ios.debug.xcconfig */ = {isa = PBXFileReference; includeInIndex = 1; lastKnownFileType = text.xcconfig; name = "Pods-imh_corp_ios.debug.xcconfig"; path = "Pods/Target Support Files/Pods-imh_corp_ios/Pods-imh_corp_ios.debug.xcconfig"; sourceTree = "<group>"; };
		FA73C63CBD60B29505B1F676 /* Pods_imh_corp_ios.framework */ = {isa = PBXFileReference; explicitFileType = wrapper.framework; includeInIndex = 0; path = Pods_imh_corp_ios.framework; sourceTree = BUILT_PRODUCTS_DIR; };
		FFAB4E702163465C00AE82EA /* imh_corp_ios.app */ = {isa = PBXFileReference; explicitFileType = wrapper.application; includeInIndex = 0; path = imh_corp_ios.app; sourceTree = BUILT_PRODUCTS_DIR; };
		FFAB4E842163465F00AE82EA /* imh_corp_iosTests.xctest */ = {isa = PBXFileReference; explicitFileType = wrapper.cfbundle; includeInIndex = 0; path = imh_corp_iosTests.xctest; sourceTree = BUILT_PRODUCTS_DIR; };
		FFAB4E882163465F00AE82EA /* imh_corp_iosTests.swift */ = {isa = PBXFileReference; lastKnownFileType = sourcecode.swift; path = imh_corp_iosTests.swift; sourceTree = "<group>"; };
		FFAB4E8A2163465F00AE82EA /* Info.plist */ = {isa = PBXFileReference; lastKnownFileType = text.plist.xml; path = Info.plist; sourceTree = "<group>"; };
		FFAB4E932163489200AE82EA /* Podfile */ = {isa = PBXFileReference; fileEncoding = 4; lastKnownFileType = text; path = Podfile; sourceTree = "<group>"; xcLanguageSpecificationIdentifier = xcode.lang.ruby; };
		FFAB4E96216348B200AE82EA /* AppDelegate.swift */ = {isa = PBXFileReference; fileEncoding = 4; lastKnownFileType = sourcecode.swift; path = AppDelegate.swift; sourceTree = "<group>"; };
		FFAB4E9A216348B200AE82EA /* Assets.xcassets */ = {isa = PBXFileReference; lastKnownFileType = folder.assetcatalog; path = Assets.xcassets; sourceTree = "<group>"; };
		FFAB4E9C216348B200AE82EA /* Base */ = {isa = PBXFileReference; lastKnownFileType = file.storyboard; name = Base; path = Base.lproj/LaunchScreen.storyboard; sourceTree = "<group>"; };
		FFAB4E9E216348B200AE82EA /* Base */ = {isa = PBXFileReference; lastKnownFileType = file.storyboard; name = Base; path = Base.lproj/Main.storyboard; sourceTree = "<group>"; };
		FFAB4E9F216348B200AE82EA /* Info.plist */ = {isa = PBXFileReference; fileEncoding = 4; lastKnownFileType = text.plist.xml; path = Info.plist; sourceTree = "<group>"; };
		FFAB4EA6216348C500AE82EA /* ViewController.swift */ = {isa = PBXFileReference; fileEncoding = 4; lastKnownFileType = sourcecode.swift; path = ViewController.swift; sourceTree = "<group>"; };
/* End PBXFileReference section */

/* Begin PBXFrameworksBuildPhase section */
		FFAB4E6D2163465C00AE82EA /* Frameworks */ = {
			isa = PBXFrameworksBuildPhase;
			buildActionMask = 2147483647;
			files = (
				0D688522DC2055097D4F50A0 /* Pods_imh_corp_ios.framework in Frameworks */,
			);
			runOnlyForDeploymentPostprocessing = 0;
		};
		FFAB4E812163465F00AE82EA /* Frameworks */ = {
			isa = PBXFrameworksBuildPhase;
			buildActionMask = 2147483647;
			files = (
				B9D90EF4F711B91A51CF8641 /* Pods_imh_corp_iosTests.framework in Frameworks */,
			);
			runOnlyForDeploymentPostprocessing = 0;
		};
/* End PBXFrameworksBuildPhase section */

/* Begin PBXGroup section */
		6DA4429CA10A0A69F6390F31 /* Frameworks */ = {
			isa = PBXGroup;
			children = (
				FA73C63CBD60B29505B1F676 /* Pods_imh_corp_ios.framework */,
				284E760EB484448212786CAC /* Pods_imh_corp_iosTests.framework */,
			);
			name = Frameworks;
			sourceTree = "<group>";
		};
		8F213191BF86927CFE7E2704 /* Pods */ = {
			isa = PBXGroup;
			children = (
				5F0C5A58696AEC9B6853308C /* Pods-imh_corp_ios.debug.xcconfig */,
				0810B094BC5ED48F45CB4854 /* Pods-imh_corp_ios.release.xcconfig */,
				4D0D0FFB817B6CB098FDE1BA /* Pods-imh_corp_iosTests.debug.xcconfig */,
				2FCE2C9C9883EA1FDC817CBE /* Pods-imh_corp_iosTests.release.xcconfig */,
			);
			name = Pods;
			sourceTree = "<group>";
		};
		FFAB4E672163465C00AE82EA = {
			isa = PBXGroup;
			children = (
				FFAB4E932163489200AE82EA /* Podfile */,
				FFAB4E722163465C00AE82EA /* imh_corp_ios */,
				FFAB4E872163465F00AE82EA /* imh_corp_iosTests */,
				8F213191BF86927CFE7E2704 /* Pods */,
				6DA4429CA10A0A69F6390F31 /* Frameworks */,
			);
			sourceTree = "<group>";
		};
		FFAB4E712163465C00AE82EA /* Products */ = {
			isa = PBXGroup;
			children = (
				FFAB4E702163465C00AE82EA /* imh_corp_ios.app */,
				FFAB4E842163465F00AE82EA /* imh_corp_iosTests.xctest */,
			);
			name = Products;
			path = ..;
			sourceTree = "<group>";
		};
		FFAB4E722163465C00AE82EA /* imh_corp_ios */ = {
			isa = PBXGroup;
			children = (
				FFAB4EA6216348C500AE82EA /* ViewController.swift */,
				FFAB4EA5216348BE00AE82EA /* core */,
				FFAB4E95216348B200AE82EA /* app */,
				FFAB4E98216348B200AE82EA /* auth */,
				FFAB4E99216348B200AE82EA /* res */,
				FFAB4E97216348B200AE82EA /* root */,
			);
			path = imh_corp_ios;
			sourceTree = "<group>";
		};
		FFAB4E872163465F00AE82EA /* imh_corp_iosTests */ = {
			isa = PBXGroup;
			children = (
				FFAB4E882163465F00AE82EA /* imh_corp_iosTests.swift */,
				FFAB4E8A2163465F00AE82EA /* Info.plist */,
				FFAB4E712163465C00AE82EA /* Products */,
			);
			path = imh_corp_iosTests;
			sourceTree = "<group>";
		};
		FFAB4E95216348B200AE82EA /* app */ = {
			isa = PBXGroup;
			children = (
				FFAB4E96216348B200AE82EA /* AppDelegate.swift */,
			);
			path = app;
			sourceTree = "<group>";
		};
		FFAB4E97216348B200AE82EA /* root */ = {
			isa = PBXGroup;
			children = (
			);
			path = root;
			sourceTree = "<group>";
		};
		FFAB4E98216348B200AE82EA /* auth */ = {
			isa = PBXGroup;
			children = (
			);
			path = auth;
			sourceTree = "<group>";
		};
		FFAB4E99216348B200AE82EA /* res */ = {
			isa = PBXGroup;
			children = (
				FFAB4E9A216348B200AE82EA /* Assets.xcassets */,
				FFAB4E9B216348B200AE82EA /* LaunchScreen.storyboard */,
				FFAB4E9D216348B200AE82EA /* Main.storyboard */,
				FFAB4E9F216348B200AE82EA /* Info.plist */,
			);
			path = res;
			sourceTree = "<group>";
		};
		FFAB4EA5216348BE00AE82EA /* core */ = {
			isa = PBXGroup;
			children = (
			);
			path = core;
			sourceTree = "<group>";
		};
/* End PBXGroup section */

/* Begin PBXNativeTarget section */
		FFAB4E6F2163465C00AE82EA /* imh_corp_ios */ = {
			isa = PBXNativeTarget;
			buildConfigurationList = FFAB4E8D2163465F00AE82EA /* Build configuration list for PBXNativeTarget "imh_corp_ios" */;
			buildPhases = (
				E850B615017ADF207A05A02E /* [CP] Check Pods Manifest.lock */,
				FFAB4E6C2163465C00AE82EA /* Sources */,
				FFAB4E6D2163465C00AE82EA /* Frameworks */,
				FFAB4E6E2163465C00AE82EA /* Resources */,
				56690402F80AE5BCB17FF065 /* [CP] Embed Pods Frameworks */,
				F0388E35E3C23B6327DFFD70 /* [CP] Copy Pods Resources */,
			);
			buildRules = (
			);
			dependencies = (
			);
			name = imh_corp_ios;
			productName = imh_corp_ios;
			productReference = FFAB4E702163465C00AE82EA /* imh_corp_ios.app */;
			productType = "com.apple.product-type.application";
		};
		FFAB4E832163465F00AE82EA /* imh_corp_iosTests */ = {
			isa = PBXNativeTarget;
			buildConfigurationList = FFAB4E902163465F00AE82EA /* Build configuration list for PBXNativeTarget "imh_corp_iosTests" */;
			buildPhases = (
				6AD1DA52809E08C3165244B4 /* [CP] Check Pods Manifest.lock */,
				FFAB4E802163465F00AE82EA /* Sources */,
				FFAB4E812163465F00AE82EA /* Frameworks */,
				FFAB4E822163465F00AE82EA /* Resources */,
				2C71676A93AF5E28E4BAED75 /* [CP] Embed Pods Frameworks */,
				32E5942ECF138F63C3EF7D82 /* [CP] Copy Pods Resources */,
			);
			buildRules = (
			);
			dependencies = (
				FFAB4E862163465F00AE82EA /* PBXTargetDependency */,
			);
			name = imh_corp_iosTests;
			productName = imh_corp_iosTests;
			productReference = FFAB4E842163465F00AE82EA /* imh_corp_iosTests.xctest */;
			productType = "com.apple.product-type.bundle.unit-test";
		};
/* End PBXNativeTarget section */

/* Begin PBXProject section */
		FFAB4E682163465C00AE82EA /* Project object */ = {
			isa = PBXProject;
			attributes = {
				LastSwiftUpdateCheck = 1000;
				LastUpgradeCheck = 1000;
				ORGANIZATIONNAME = "Industrial Metallurgical Holding";
				TargetAttributes = {
					FFAB4E6F2163465C00AE82EA = {
						CreatedOnToolsVersion = 10.0;
					};
					FFAB4E832163465F00AE82EA = {
						CreatedOnToolsVersion = 10.0;
						TestTargetID = FFAB4E6F2163465C00AE82EA;
					};
				};
			};
			buildConfigurationList = FFAB4E6B2163465C00AE82EA /* Build configuration list for PBXProject "imh_corp_ios" */;
			compatibilityVersion = "Xcode 9.3";
			developmentRegion = en;
			hasScannedForEncodings = 0;
			knownRegions = (
				en,
				Base,
			);
			mainGroup = FFAB4E672163465C00AE82EA;
			productRefGroup = FFAB4E712163465C00AE82EA /* Products */;
			projectDirPath = "";
			projectRoot = "";
			targets = (
				FFAB4E6F2163465C00AE82EA /* imh_corp_ios */,
				FFAB4E832163465F00AE82EA /* imh_corp_iosTests */,
			);
		};
/* End PBXProject section */

/* Begin PBXResourcesBuildPhase section */
		FFAB4E6E2163465C00AE82EA /* Resources */ = {
			isa = PBXResourcesBuildPhase;
			buildActionMask = 2147483647;
			files = (
				FFAB4EA2216348B200AE82EA /* LaunchScreen.storyboard in Resources */,
				FFAB4EA1216348B200AE82EA /* Assets.xcassets in Resources */,
				FFAB4E942163489200AE82EA /* Podfile in Resources */,
				FFAB4EA3216348B200AE82EA /* Main.storyboard in Resources */,
			);
			runOnlyForDeploymentPostprocessing = 0;
		};
		FFAB4E822163465F00AE82EA /* Resources */ = {
			isa = PBXResourcesBuildPhase;
			buildActionMask = 2147483647;
			files = (
			);
			runOnlyForDeploymentPostprocessing = 0;
		};
/* End PBXResourcesBuildPhase section */

/* Begin PBXShellScriptBuildPhase section */
		2C71676A93AF5E28E4BAED75 /* [CP] Embed Pods Frameworks */ = {
			isa = PBXShellScriptBuildPhase;
			buildActionMask = 2147483647;
			files = (
			);
			inputPaths = (
				"${SRCROOT}/Pods/Target Support Files/Pods-imh_corp_iosTests/Pods-imh_corp_iosTests-frameworks.sh",
				"${BUILT_PRODUCTS_DIR}/BiometricAuthentication/BiometricAuthentication.framework",
				"${BUILT_PRODUCTS_DIR}/Cocaine/Cocaine.framework",
				"${BUILT_PRODUCTS_DIR}/EventSender/EventSender.framework",
				"${BUILT_PRODUCTS_DIR}/KeyboardHandler/KeyboardHandler.framework",
				"${BUILT_PRODUCTS_DIR}/KeychainSwift/KeychainSwift.framework",
				"${BUILT_PRODUCTS_DIR}/Realm/Realm.framework",
				"${BUILT_PRODUCTS_DIR}/RealmSwift/RealmSwift.framework",
			);
			name = "[CP] Embed Pods Frameworks";
			outputPaths = (
				"${TARGET_BUILD_DIR}/${FRAMEWORKS_FOLDER_PATH}/BiometricAuthentication.framework",
				"${TARGET_BUILD_DIR}/${FRAMEWORKS_FOLDER_PATH}/Cocaine.framework",
				"${TARGET_BUILD_DIR}/${FRAMEWORKS_FOLDER_PATH}/EventSender.framework",
				"${TARGET_BUILD_DIR}/${FRAMEWORKS_FOLDER_PATH}/KeyboardHandler.framework",
				"${TARGET_BUILD_DIR}/${FRAMEWORKS_FOLDER_PATH}/KeychainSwift.framework",
				"${TARGET_BUILD_DIR}/${FRAMEWORKS_FOLDER_PATH}/Realm.framework",
				"${TARGET_BUILD_DIR}/${FRAMEWORKS_FOLDER_PATH}/RealmSwift.framework",
			);
			runOnlyForDeploymentPostprocessing = 0;
			shellPath = /bin/sh;
			shellScript = "\"${SRCROOT}/Pods/Target Support Files/Pods-imh_corp_iosTests/Pods-imh_corp_iosTests-frameworks.sh\"\n";
			showEnvVarsInLog = 0;
		};
		32E5942ECF138F63C3EF7D82 /* [CP] Copy Pods Resources */ = {
			isa = PBXShellScriptBuildPhase;
			buildActionMask = 2147483647;
			files = (
			);
			inputPaths = (
			);
			name = "[CP] Copy Pods Resources";
			outputPaths = (
			);
			runOnlyForDeploymentPostprocessing = 0;
			shellPath = /bin/sh;
			shellScript = "\"${SRCROOT}/Pods/Target Support Files/Pods-imh_corp_iosTests/Pods-imh_corp_iosTests-resources.sh\"\n";
			showEnvVarsInLog = 0;
		};
		56690402F80AE5BCB17FF065 /* [CP] Embed Pods Frameworks */ = {
			isa = PBXShellScriptBuildPhase;
			buildActionMask = 2147483647;
			files = (
			);
			inputPaths = (
				"${SRCROOT}/Pods/Target Support Files/Pods-imh_corp_ios/Pods-imh_corp_ios-frameworks.sh",
				"${BUILT_PRODUCTS_DIR}/BiometricAuthentication/BiometricAuthentication.framework",
				"${BUILT_PRODUCTS_DIR}/Cocaine/Cocaine.framework",
				"${BUILT_PRODUCTS_DIR}/EventSender/EventSender.framework",
				"${BUILT_PRODUCTS_DIR}/KeyboardHandler/KeyboardHandler.framework",
				"${BUILT_PRODUCTS_DIR}/KeychainSwift/KeychainSwift.framework",
				"${BUILT_PRODUCTS_DIR}/Realm/Realm.framework",
				"${BUILT_PRODUCTS_DIR}/RealmSwift/RealmSwift.framework",
			);
			name = "[CP] Embed Pods Frameworks";
			outputPaths = (
				"${TARGET_BUILD_DIR}/${FRAMEWORKS_FOLDER_PATH}/BiometricAuthentication.framework",
				"${TARGET_BUILD_DIR}/${FRAMEWORKS_FOLDER_PATH}/Cocaine.framework",
				"${TARGET_BUILD_DIR}/${FRAMEWORKS_FOLDER_PATH}/EventSender.framework",
				"${TARGET_BUILD_DIR}/${FRAMEWORKS_FOLDER_PATH}/KeyboardHandler.framework",
				"${TARGET_BUILD_DIR}/${FRAMEWORKS_FOLDER_PATH}/KeychainSwift.framework",
				"${TARGET_BUILD_DIR}/${FRAMEWORKS_FOLDER_PATH}/Realm.framework",
				"${TARGET_BUILD_DIR}/${FRAMEWORKS_FOLDER_PATH}/RealmSwift.framework",
			);
			runOnlyForDeploymentPostprocessing = 0;
			shellPath = /bin/sh;
			shellScript = "\"${SRCROOT}/Pods/Target Support Files/Pods-imh_corp_ios/Pods-imh_corp_ios-frameworks.sh\"\n";
			showEnvVarsInLog = 0;
		};
		6AD1DA52809E08C3165244B4 /* [CP] Check Pods Manifest.lock */ = {
			isa = PBXShellScriptBuildPhase;
			buildActionMask = 2147483647;
			files = (
			);
			inputPaths = (
				"${PODS_PODFILE_DIR_PATH}/Podfile.lock",
				"${PODS_ROOT}/Manifest.lock",
			);
			name = "[CP] Check Pods Manifest.lock";
			outputPaths = (
				"$(DERIVED_FILE_DIR)/Pods-imh_corp_iosTests-checkManifestLockResult.txt",
			);
			runOnlyForDeploymentPostprocessing = 0;
			shellPath = /bin/sh;
			shellScript = "diff \"${PODS_PODFILE_DIR_PATH}/Podfile.lock\" \"${PODS_ROOT}/Manifest.lock\" > /dev/null\nif [ $? != 0 ] ; then\n    # print error to STDERR\n    echo \"error: The sandbox is not in sync with the Podfile.lock. Run 'pod install' or update your CocoaPods installation.\" >&2\n    exit 1\nfi\n# This output is used by Xcode 'outputs' to avoid re-running this script phase.\necho \"SUCCESS\" > \"${SCRIPT_OUTPUT_FILE_0}\"\n";
			showEnvVarsInLog = 0;
		};
		E850B615017ADF207A05A02E /* [CP] Check Pods Manifest.lock */ = {
			isa = PBXShellScriptBuildPhase;
			buildActionMask = 2147483647;
			files = (
			);
			inputPaths = (
				"${PODS_PODFILE_DIR_PATH}/Podfile.lock",
				"${PODS_ROOT}/Manifest.lock",
			);
			name = "[CP] Check Pods Manifest.lock";
			outputPaths = (
				"$(DERIVED_FILE_DIR)/Pods-imh_corp_ios-checkManifestLockResult.txt",
			);
			runOnlyForDeploymentPostprocessing = 0;
			shellPath = /bin/sh;
			shellScript = "diff \"${PODS_PODFILE_DIR_PATH}/Podfile.lock\" \"${PODS_ROOT}/Manifest.lock\" > /dev/null\nif [ $? != 0 ] ; then\n    # print error to STDERR\n    echo \"error: The sandbox is not in sync with the Podfile.lock. Run 'pod install' or update your CocoaPods installation.\" >&2\n    exit 1\nfi\n# This output is used by Xcode 'outputs' to avoid re-running this script phase.\necho \"SUCCESS\" > \"${SCRIPT_OUTPUT_FILE_0}\"\n";
			showEnvVarsInLog = 0;
		};
		F0388E35E3C23B6327DFFD70 /* [CP] Copy Pods Resources */ = {
			isa = PBXShellScriptBuildPhase;
			buildActionMask = 2147483647;
			files = (
			);
			inputPaths = (
			);
			name = "[CP] Copy Pods Resources";
			outputPaths = (
			);
			runOnlyForDeploymentPostprocessing = 0;
			shellPath = /bin/sh;
			shellScript = "\"${SRCROOT}/Pods/Target Support Files/Pods-imh_corp_ios/Pods-imh_corp_ios-resources.sh\"\n";
			showEnvVarsInLog = 0;
		};
/* End PBXShellScriptBuildPhase section */

/* Begin PBXSourcesBuildPhase section */
		FFAB4E6C2163465C00AE82EA /* Sources */ = {
			isa = PBXSourcesBuildPhase;
			buildActionMask = 2147483647;
			files = (
				FFAB4EA7216348C500AE82EA /* ViewController.swift in Sources */,
				FFAB4EA0216348B200AE82EA /* AppDelegate.swift in Sources */,
			);
			runOnlyForDeploymentPostprocessing = 0;
		};
		FFAB4E802163465F00AE82EA /* Sources */ = {
			isa = PBXSourcesBuildPhase;
			buildActionMask = 2147483647;
			files = (
				FFAB4E892163465F00AE82EA /* imh_corp_iosTests.swift in Sources */,
			);
			runOnlyForDeploymentPostprocessing = 0;
		};
/* End PBXSourcesBuildPhase section */

/* Begin PBXTargetDependency section */
		FFAB4E862163465F00AE82EA /* PBXTargetDependency */ = {
			isa = PBXTargetDependency;
			target = FFAB4E6F2163465C00AE82EA /* imh_corp_ios */;
			targetProxy = FFAB4E852163465F00AE82EA /* PBXContainerItemProxy */;
		};
/* End PBXTargetDependency section */

/* Begin PBXVariantGroup section */
		FFAB4E9B216348B200AE82EA /* LaunchScreen.storyboard */ = {
			isa = PBXVariantGroup;
			children = (
				FFAB4E9C216348B200AE82EA /* Base */,
			);
			name = LaunchScreen.storyboard;
			sourceTree = "<group>";
		};
		FFAB4E9D216348B200AE82EA /* Main.storyboard */ = {
			isa = PBXVariantGroup;
			children = (
				FFAB4E9E216348B200AE82EA /* Base */,
			);
			name = Main.storyboard;
			sourceTree = "<group>";
		};
/* End PBXVariantGroup section */

/* Begin XCBuildConfiguration section */
		FFAB4E8B2163465F00AE82EA /* Debug */ = {
			isa = XCBuildConfiguration;
			buildSettings = {
				ALWAYS_SEARCH_USER_PATHS = NO;
				CLANG_ANALYZER_NONNULL = YES;
				CLANG_ANALYZER_NUMBER_OBJECT_CONVERSION = YES_AGGRESSIVE;
				CLANG_CXX_LANGUAGE_STANDARD = "gnu++14";
				CLANG_CXX_LIBRARY = "libc++";
				CLANG_ENABLE_MODULES = YES;
				CLANG_ENABLE_OBJC_ARC = YES;
				CLANG_ENABLE_OBJC_WEAK = YES;
				CLANG_WARN_BLOCK_CAPTURE_AUTORELEASING = YES;
				CLANG_WARN_BOOL_CONVERSION = YES;
				CLANG_WARN_COMMA = YES;
				CLANG_WARN_CONSTANT_CONVERSION = YES;
				CLANG_WARN_DEPRECATED_OBJC_IMPLEMENTATIONS = YES;
				CLANG_WARN_DIRECT_OBJC_ISA_USAGE = YES_ERROR;
				CLANG_WARN_DOCUMENTATION_COMMENTS = YES;
				CLANG_WARN_EMPTY_BODY = YES;
				CLANG_WARN_ENUM_CONVERSION = YES;
				CLANG_WARN_INFINITE_RECURSION = YES;
				CLANG_WARN_INT_CONVERSION = YES;
				CLANG_WARN_NON_LITERAL_NULL_CONVERSION = YES;
				CLANG_WARN_OBJC_IMPLICIT_RETAIN_SELF = YES;
				CLANG_WARN_OBJC_LITERAL_CONVERSION = YES;
				CLANG_WARN_OBJC_ROOT_CLASS = YES_ERROR;
				CLANG_WARN_RANGE_LOOP_ANALYSIS = YES;
				CLANG_WARN_STRICT_PROTOTYPES = YES;
				CLANG_WARN_SUSPICIOUS_MOVE = YES;
				CLANG_WARN_UNGUARDED_AVAILABILITY = YES_AGGRESSIVE;
				CLANG_WARN_UNREACHABLE_CODE = YES;
				CLANG_WARN__DUPLICATE_METHOD_MATCH = YES;
				CODE_SIGN_IDENTITY = "iPhone Developer";
				COPY_PHASE_STRIP = NO;
				DEBUG_INFORMATION_FORMAT = dwarf;
				ENABLE_STRICT_OBJC_MSGSEND = YES;
				ENABLE_TESTABILITY = YES;
				GCC_C_LANGUAGE_STANDARD = gnu11;
				GCC_DYNAMIC_NO_PIC = NO;
				GCC_NO_COMMON_BLOCKS = YES;
				GCC_OPTIMIZATION_LEVEL = 0;
				GCC_PREPROCESSOR_DEFINITIONS = (
					"DEBUG=1",
					"$(inherited)",
				);
				GCC_WARN_64_TO_32_BIT_CONVERSION = YES;
				GCC_WARN_ABOUT_RETURN_TYPE = YES_ERROR;
				GCC_WARN_UNDECLARED_SELECTOR = YES;
				GCC_WARN_UNINITIALIZED_AUTOS = YES_AGGRESSIVE;
				GCC_WARN_UNUSED_FUNCTION = YES;
				GCC_WARN_UNUSED_VARIABLE = YES;
				IPHONEOS_DEPLOYMENT_TARGET = 12.0;
				MTL_ENABLE_DEBUG_INFO = INCLUDE_SOURCE;
				MTL_FAST_MATH = YES;
				ONLY_ACTIVE_ARCH = YES;
				SDKROOT = iphoneos;
				SWIFT_ACTIVE_COMPILATION_CONDITIONS = DEBUG;
				SWIFT_OPTIMIZATION_LEVEL = "-Onone";
			};
			name = Debug;
		};
		FFAB4E8C2163465F00AE82EA /* Release */ = {
			isa = XCBuildConfiguration;
			buildSettings = {
				ALWAYS_SEARCH_USER_PATHS = NO;
				CLANG_ANALYZER_NONNULL = YES;
				CLANG_ANALYZER_NUMBER_OBJECT_CONVERSION = YES_AGGRESSIVE;
				CLANG_CXX_LANGUAGE_STANDARD = "gnu++14";
				CLANG_CXX_LIBRARY = "libc++";
				CLANG_ENABLE_MODULES = YES;
				CLANG_ENABLE_OBJC_ARC = YES;
				CLANG_ENABLE_OBJC_WEAK = YES;
				CLANG_WARN_BLOCK_CAPTURE_AUTORELEASING = YES;
				CLANG_WARN_BOOL_CONVERSION = YES;
				CLANG_WARN_COMMA = YES;
				CLANG_WARN_CONSTANT_CONVERSION = YES;
				CLANG_WARN_DEPRECATED_OBJC_IMPLEMENTATIONS = YES;
				CLANG_WARN_DIRECT_OBJC_ISA_USAGE = YES_ERROR;
				CLANG_WARN_DOCUMENTATION_COMMENTS = YES;
				CLANG_WARN_EMPTY_BODY = YES;
				CLANG_WARN_ENUM_CONVERSION = YES;
				CLANG_WARN_INFINITE_RECURSION = YES;
				CLANG_WARN_INT_CONVERSION = YES;
				CLANG_WARN_NON_LITERAL_NULL_CONVERSION = YES;
				CLANG_WARN_OBJC_IMPLICIT_RETAIN_SELF = YES;
				CLANG_WARN_OBJC_LITERAL_CONVERSION = YES;
				CLANG_WARN_OBJC_ROOT_CLASS = YES_ERROR;
				CLANG_WARN_RANGE_LOOP_ANALYSIS = YES;
				CLANG_WARN_STRICT_PROTOTYPES = YES;
				CLANG_WARN_SUSPICIOUS_MOVE = YES;
				CLANG_WARN_UNGUARDED_AVAILABILITY = YES_AGGRESSIVE;
				CLANG_WARN_UNREACHABLE_CODE = YES;
				CLANG_WARN__DUPLICATE_METHOD_MATCH = YES;
				CODE_SIGN_IDENTITY = "iPhone Developer";
				COPY_PHASE_STRIP = NO;
				DEBUG_INFORMATION_FORMAT = "dwarf-with-dsym";
				ENABLE_NS_ASSERTIONS = NO;
				ENABLE_STRICT_OBJC_MSGSEND = YES;
				GCC_C_LANGUAGE_STANDARD = gnu11;
				GCC_NO_COMMON_BLOCKS = YES;
				GCC_WARN_64_TO_32_BIT_CONVERSION = YES;
				GCC_WARN_ABOUT_RETURN_TYPE = YES_ERROR;
				GCC_WARN_UNDECLARED_SELECTOR = YES;
				GCC_WARN_UNINITIALIZED_AUTOS = YES_AGGRESSIVE;
				GCC_WARN_UNUSED_FUNCTION = YES;
				GCC_WARN_UNUSED_VARIABLE = YES;
				IPHONEOS_DEPLOYMENT_TARGET = 12.0;
				MTL_ENABLE_DEBUG_INFO = NO;
				MTL_FAST_MATH = YES;
				SDKROOT = iphoneos;
				SWIFT_COMPILATION_MODE = wholemodule;
				SWIFT_OPTIMIZATION_LEVEL = "-O";
				VALIDATE_PRODUCT = YES;
			};
			name = Release;
		};
		FFAB4E8E2163465F00AE82EA /* Debug */ = {
			isa = XCBuildConfiguration;
			baseConfigurationReference = 5F0C5A58696AEC9B6853308C /* Pods-imh_corp_ios.debug.xcconfig */;
			buildSettings = {
				ASSETCATALOG_COMPILER_APPICON_NAME = AppIcon;
				CODE_SIGN_STYLE = Automatic;
				DEVELOPMENT_TEAM = 4SPZ465GFN;
				INFOPLIST_FILE = "$(SRCROOT)/imh_corp_ios/res/Info.plist";
				IPHONEOS_DEPLOYMENT_TARGET = 10.0;
				LD_RUNPATH_SEARCH_PATHS = "$(inherited) @executable_path/Frameworks";
				PRODUCT_BUNDLE_IDENTIFIER = "com.imh.imh-corp-ios";
				PRODUCT_NAME = "$(TARGET_NAME)";
				SWIFT_VERSION = 4.2;
				TARGETED_DEVICE_FAMILY = "1,2";
			};
			name = Debug;
		};
		FFAB4E8F2163465F00AE82EA /* Release */ = {
			isa = XCBuildConfiguration;
			baseConfigurationReference = 0810B094BC5ED48F45CB4854 /* Pods-imh_corp_ios.release.xcconfig */;
			buildSettings = {
				ASSETCATALOG_COMPILER_APPICON_NAME = AppIcon;
				CODE_SIGN_STYLE = Automatic;
				DEVELOPMENT_TEAM = 4SPZ465GFN;
				INFOPLIST_FILE = "$(SRCROOT)/imh_corp_ios/res/Info.plist";
				IPHONEOS_DEPLOYMENT_TARGET = 10.0;
				LD_RUNPATH_SEARCH_PATHS = "$(inherited) @executable_path/Frameworks";
				PRODUCT_BUNDLE_IDENTIFIER = "com.imh.imh-corp-ios";
				PRODUCT_NAME = "$(TARGET_NAME)";
				SWIFT_VERSION = 4.2;
				TARGETED_DEVICE_FAMILY = "1,2";
			};
			name = Release;
		};
		FFAB4E912163465F00AE82EA /* Debug */ = {
			isa = XCBuildConfiguration;
			baseConfigurationReference = 4D0D0FFB817B6CB098FDE1BA /* Pods-imh_corp_iosTests.debug.xcconfig */;
			buildSettings = {
				ALWAYS_EMBED_SWIFT_STANDARD_LIBRARIES = YES;
				BUNDLE_LOADER = "$(TEST_HOST)";
				CODE_SIGN_STYLE = Automatic;
				DEVELOPMENT_TEAM = 4SPZ465GFN;
				INFOPLIST_FILE = imh_corp_iosTests/Info.plist;
				LD_RUNPATH_SEARCH_PATHS = "$(inherited) @executable_path/Frameworks @loader_path/Frameworks";
				PRODUCT_BUNDLE_IDENTIFIER = "com.imh.imh-corp-iosTests";
				PRODUCT_NAME = "$(TARGET_NAME)";
				SWIFT_VERSION = 4.2;
				TARGETED_DEVICE_FAMILY = "1,2";
				TEST_HOST = "$(BUILT_PRODUCTS_DIR)/imh_corp_ios.app/imh_corp_ios";
			};
			name = Debug;
		};
		FFAB4E922163465F00AE82EA /* Release */ = {
			isa = XCBuildConfiguration;
			baseConfigurationReference = 2FCE2C9C9883EA1FDC817CBE /* Pods-imh_corp_iosTests.release.xcconfig */;
			buildSettings = {
				ALWAYS_EMBED_SWIFT_STANDARD_LIBRARIES = YES;
				BUNDLE_LOADER = "$(TEST_HOST)";
				CODE_SIGN_STYLE = Automatic;
				DEVELOPMENT_TEAM = 4SPZ465GFN;
				INFOPLIST_FILE = imh_corp_iosTests/Info.plist;
				LD_RUNPATH_SEARCH_PATHS = "$(inherited) @executable_path/Frameworks @loader_path/Frameworks";
				PRODUCT_BUNDLE_IDENTIFIER = "com.imh.imh-corp-iosTests";
				PRODUCT_NAME = "$(TARGET_NAME)";
				SWIFT_VERSION = 4.2;
				TARGETED_DEVICE_FAMILY = "1,2";
				TEST_HOST = "$(BUILT_PRODUCTS_DIR)/imh_corp_ios.app/imh_corp_ios";
			};
			name = Release;
		};
/* End XCBuildConfiguration section */

/* Begin XCConfigurationList section */
		FFAB4E6B2163465C00AE82EA /* Build configuration list for PBXProject "imh_corp_ios" */ = {
			isa = XCConfigurationList;
			buildConfigurations = (
				FFAB4E8B2163465F00AE82EA /* Debug */,
				FFAB4E8C2163465F00AE82EA /* Release */,
			);
			defaultConfigurationIsVisible = 0;
			defaultConfigurationName = Release;
		};
		FFAB4E8D2163465F00AE82EA /* Build configuration list for PBXNativeTarget "imh_corp_ios" */ = {
			isa = XCConfigurationList;
			buildConfigurations = (
				FFAB4E8E2163465F00AE82EA /* Debug */,
				FFAB4E8F2163465F00AE82EA /* Release */,
			);
			defaultConfigurationIsVisible = 0;
			defaultConfigurationName = Release;
		};
		FFAB4E902163465F00AE82EA /* Build configuration list for PBXNativeTarget "imh_corp_iosTests" */ = {
			isa = XCConfigurationList;
			buildConfigurations = (
				FFAB4E912163465F00AE82EA /* Debug */,
				FFAB4E922163465F00AE82EA /* Release */,
			);
			defaultConfigurationIsVisible = 0;
			defaultConfigurationName = Release;
		};
/* End XCConfigurationList section */
	};
	rootObject = FFAB4E682163465C00AE82EA /* Project object */;
}
