// !$*UTF8*$!
{
	archiveVersion = 1;
	classes = {
	};
	objectVersion = 50;
	objects = {

/* Begin PBXBuildFile section */
		0D688522DC2055097D4F50A0 /* Pods_imh_corp_ios.framework in Frameworks */ = {isa = PBXBuildFile; fileRef = FA73C63CBD60B29505B1F676 /* Pods_imh_corp_ios.framework */; };
		B9D90EF4F711B91A51CF8641 /* Pods_imh_corp_iosTests.framework in Frameworks */ = {isa = PBXBuildFile; fileRef = 284E760EB484448212786CAC /* Pods_imh_corp_iosTests.framework */; };
		FF72AEF32175BFBB002D04DA /* IRootDirector.swift in Sources */ = {isa = PBXBuildFile; fileRef = FF72AEF12175BFBB002D04DA /* IRootDirector.swift */; };
		FF72AEF42175BFBB002D04DA /* RootDirector.swift in Sources */ = {isa = PBXBuildFile; fileRef = FF72AEF22175BFBB002D04DA /* RootDirector.swift */; };
		FF72AEF82175BFF5002D04DA /* LoginDirector.swift in Sources */ = {isa = PBXBuildFile; fileRef = FF72AEF62175BFF5002D04DA /* LoginDirector.swift */; };
		FF72AEF92175BFF5002D04DA /* ILoginDirector.swift in Sources */ = {isa = PBXBuildFile; fileRef = FF72AEF72175BFF5002D04DA /* ILoginDirector.swift */; };
		FF72AEFD2175C0A5002D04DA /* ISessionService.swift in Sources */ = {isa = PBXBuildFile; fileRef = FF72AEFB2175C0A5002D04DA /* ISessionService.swift */; };
		FF72AEFE2175C0A5002D04DA /* SessionService.swift in Sources */ = {isa = PBXBuildFile; fileRef = FF72AEFC2175C0A5002D04DA /* SessionService.swift */; };
		FF72AF022175C1F5002D04DA /* AuthDirector.swift in Sources */ = {isa = PBXBuildFile; fileRef = FF72AF002175C1F5002D04DA /* AuthDirector.swift */; };
		FF72AF032175C1F5002D04DA /* IAuthDirector.swift in Sources */ = {isa = PBXBuildFile; fileRef = FF72AF012175C1F5002D04DA /* IAuthDirector.swift */; };
		FF72AF0C2175CE98002D04DA /* WelcomeCakeAssembly.swift in Sources */ = {isa = PBXBuildFile; fileRef = FF72AF0B2175CE98002D04DA /* WelcomeCakeAssembly.swift */; };
		FF72AF0E2175CEAD002D04DA /* IWelcomeCake.swift in Sources */ = {isa = PBXBuildFile; fileRef = FF72AF0D2175CEAD002D04DA /* IWelcomeCake.swift */; };
		FF72AF102175CEBA002D04DA /* WelcomeCake.swift in Sources */ = {isa = PBXBuildFile; fileRef = FF72AF0F2175CEBA002D04DA /* WelcomeCake.swift */; };
		FF72AF122175CECF002D04DA /* WelcomeController.swift in Sources */ = {isa = PBXBuildFile; fileRef = FF72AF112175CECF002D04DA /* WelcomeController.swift */; };
		FF72AF142175CEE1002D04DA /* IWelcomeDirector.swift in Sources */ = {isa = PBXBuildFile; fileRef = FF72AF132175CEE1002D04DA /* IWelcomeDirector.swift */; };
		FF72AF162175CEED002D04DA /* WelcomeDirector.swift in Sources */ = {isa = PBXBuildFile; fileRef = FF72AF152175CEED002D04DA /* WelcomeDirector.swift */; };
		FF72AF182175CEFF002D04DA /* IWelcomeRouter.swift in Sources */ = {isa = PBXBuildFile; fileRef = FF72AF172175CEFF002D04DA /* IWelcomeRouter.swift */; };
		FF72AF1A2175CF0B002D04DA /* WelcomeRouter.swift in Sources */ = {isa = PBXBuildFile; fileRef = FF72AF192175CF0B002D04DA /* WelcomeRouter.swift */; };
		FF72AF1F2175DB11002D04DA /* IWelcomeDesign.swift in Sources */ = {isa = PBXBuildFile; fileRef = FF72AF1E2175DB11002D04DA /* IWelcomeDesign.swift */; };
		FF72AF212175DB1C002D04DA /* WelcomeDesign.swift in Sources */ = {isa = PBXBuildFile; fileRef = FF72AF202175DB1C002D04DA /* WelcomeDesign.swift */; };
		FF72AF372175E35C002D04DA /* LICENSE in Resources */ = {isa = PBXBuildFile; fileRef = FF72AF2D2175E35C002D04DA /* LICENSE */; };
		FF72AF392175E35C002D04DA /* FSPagerView.swift in Sources */ = {isa = PBXBuildFile; fileRef = FF72AF302175E35C002D04DA /* FSPagerView.swift */; };
		FF72AF3A2175E35C002D04DA /* FSPageViewTransformer.swift in Sources */ = {isa = PBXBuildFile; fileRef = FF72AF312175E35C002D04DA /* FSPageViewTransformer.swift */; };
		FF72AF3B2175E35C002D04DA /* FSPagerViewCell.swift in Sources */ = {isa = PBXBuildFile; fileRef = FF72AF322175E35C002D04DA /* FSPagerViewCell.swift */; };
		FF72AF3C2175E35C002D04DA /* FSPagerViewLayoutAttributes.swift in Sources */ = {isa = PBXBuildFile; fileRef = FF72AF332175E35C002D04DA /* FSPagerViewLayoutAttributes.swift */; };
		FF72AF3D2175E35C002D04DA /* FSPageViewLayout.swift in Sources */ = {isa = PBXBuildFile; fileRef = FF72AF342175E35C002D04DA /* FSPageViewLayout.swift */; };
		FF72AF3E2175E35C002D04DA /* FSPageControl.swift in Sources */ = {isa = PBXBuildFile; fileRef = FF72AF352175E35C002D04DA /* FSPageControl.swift */; };
		FF72AF3F2175E35C002D04DA /* FSPagerCollectionView.swift in Sources */ = {isa = PBXBuildFile; fileRef = FF72AF362175E35C002D04DA /* FSPagerCollectionView.swift */; };
		FFAB4E942163489200AE82EA /* Podfile in Resources */ = {isa = PBXBuildFile; fileRef = FFAB4E932163489200AE82EA /* Podfile */; };
		FFAB4EA1216348B200AE82EA /* Assets.xcassets in Resources */ = {isa = PBXBuildFile; fileRef = FFAB4E9A216348B200AE82EA /* Assets.xcassets */; };
		FFAB4EA2216348B200AE82EA /* LaunchScreen.storyboard in Resources */ = {isa = PBXBuildFile; fileRef = FFAB4E9B216348B200AE82EA /* LaunchScreen.storyboard */; };
		FFAB4EA3216348B200AE82EA /* Main.storyboard in Resources */ = {isa = PBXBuildFile; fileRef = FFAB4E9D216348B200AE82EA /* Main.storyboard */; };
		FFAB4F0A216392D400AE82EA /* LICENSE in Resources */ = {isa = PBXBuildFile; fileRef = FFAB4ECE216392D400AE82EA /* LICENSE */; };
		FFAB4F0B216392D400AE82EA /* PopMenuAction.swift in Sources */ = {isa = PBXBuildFile; fileRef = FFAB4ED2216392D400AE82EA /* PopMenuAction.swift */; };
		FFAB4F0C216392D400AE82EA /* PopMenuViewController.swift in Sources */ = {isa = PBXBuildFile; fileRef = FFAB4ED3216392D400AE82EA /* PopMenuViewController.swift */; };
		FFAB4F0D216392D400AE82EA /* PopMenuAppearance.swift in Sources */ = {isa = PBXBuildFile; fileRef = FFAB4ED5216392D400AE82EA /* PopMenuAppearance.swift */; };
		FFAB4F0E216392D400AE82EA /* PopMenuManager.swift in Sources */ = {isa = PBXBuildFile; fileRef = FFAB4ED6216392D400AE82EA /* PopMenuManager.swift */; };
		FFAB4F0F216392D400AE82EA /* UIColor+Contrast.swift in Sources */ = {isa = PBXBuildFile; fileRef = FFAB4ED8216392D400AE82EA /* UIColor+Contrast.swift */; };
		FFAB4F10216392D400AE82EA /* PopMenuGradientView.swift in Sources */ = {isa = PBXBuildFile; fileRef = FFAB4ED9216392D400AE82EA /* PopMenuGradientView.swift */; };
		FFAB4F11216392D400AE82EA /* UIView+Shadows.swift in Sources */ = {isa = PBXBuildFile; fileRef = FFAB4EDA216392D400AE82EA /* UIView+Shadows.swift */; };
		FFAB4F12216392D400AE82EA /* Haptics.swift in Sources */ = {isa = PBXBuildFile; fileRef = FFAB4EDB216392D400AE82EA /* Haptics.swift */; };
		FFAB4F13216392D400AE82EA /* PopMenuPresentAnimationController.swift in Sources */ = {isa = PBXBuildFile; fileRef = FFAB4EDD216392D400AE82EA /* PopMenuPresentAnimationController.swift */; };
		FFAB4F14216392D400AE82EA /* PopMenuDismissAnimationController.swift in Sources */ = {isa = PBXBuildFile; fileRef = FFAB4EDE216392D400AE82EA /* PopMenuDismissAnimationController.swift */; };
		FFAB4F15216392D400AE82EA /* README.md in Resources */ = {isa = PBXBuildFile; fileRef = FFAB4EDF216392D400AE82EA /* README.md */; };
		FFAB4F16216392D400AE82EA /* GradientView.swift in Sources */ = {isa = PBXBuildFile; fileRef = FFAB4EE0216392D400AE82EA /* GradientView.swift */; };
		FFAB4F17216392D400AE82EA /* IAppDesign.swift in Sources */ = {isa = PBXBuildFile; fileRef = FFAB4EE2216392D400AE82EA /* IAppDesign.swift */; };
		FFAB4F18216392D400AE82EA /* IDesign.swift in Sources */ = {isa = PBXBuildFile; fileRef = FFAB4EE3216392D400AE82EA /* IDesign.swift */; };
		FFAB4F19216392D400AE82EA /* AppDesignAssembly.swift in Sources */ = {isa = PBXBuildFile; fileRef = FFAB4EE5216392D400AE82EA /* AppDesignAssembly.swift */; };
		FFAB4F1A216392D400AE82EA /* AppDesign.swift in Sources */ = {isa = PBXBuildFile; fileRef = FFAB4EE6216392D400AE82EA /* AppDesign.swift */; };
		FFAB4F1B216392D400AE82EA /* AssemblyList.plist in Resources */ = {isa = PBXBuildFile; fileRef = FFAB4EE8216392D400AE82EA /* AssemblyList.plist */; };
		FFAB4F1C216392D400AE82EA /* IDependenceDirector.swift in Sources */ = {isa = PBXBuildFile; fileRef = FFAB4EE9216392D400AE82EA /* IDependenceDirector.swift */; };
		FFAB4F1D216392D400AE82EA /* DependenceDirector.swift in Sources */ = {isa = PBXBuildFile; fileRef = FFAB4EEA216392D400AE82EA /* DependenceDirector.swift */; };
		FFAB4F1E216392D400AE82EA /* Global.swift in Sources */ = {isa = PBXBuildFile; fileRef = FFAB4EEB216392D400AE82EA /* Global.swift */; };
		FFAB4F1F216392D400AE82EA /* IRouter.swift in Sources */ = {isa = PBXBuildFile; fileRef = FFAB4EED216392D400AE82EA /* IRouter.swift */; };
		FFAB4F20216392D400AE82EA /* IWindowStack.swift in Sources */ = {isa = PBXBuildFile; fileRef = FFAB4EF0216392D400AE82EA /* IWindowStack.swift */; };
		FFAB4F21216392D400AE82EA /* WindowStack.swift in Sources */ = {isa = PBXBuildFile; fileRef = FFAB4EF1216392D400AE82EA /* WindowStack.swift */; };
		FFAB4F22216392D400AE82EA /* TimeInterval+Date.swift in Sources */ = {isa = PBXBuildFile; fileRef = FFAB4EF3216392D400AE82EA /* TimeInterval+Date.swift */; };
		FFAB4F23216392D400AE82EA /* DispatchQueue+After.swift in Sources */ = {isa = PBXBuildFile; fileRef = FFAB4EF5216392D400AE82EA /* DispatchQueue+After.swift */; };
		FFAB4F24216392D400AE82EA /* UIStoryboard+Load.swift in Sources */ = {isa = PBXBuildFile; fileRef = FFAB4EF7216392D400AE82EA /* UIStoryboard+Load.swift */; };
		FFAB4F25216392D400AE82EA /* UIStoryboard+Type.swift in Sources */ = {isa = PBXBuildFile; fileRef = FFAB4EF8216392D400AE82EA /* UIStoryboard+Type.swift */; };
		FFAB4F26216392D400AE82EA /* UIColor+Hex.swift in Sources */ = {isa = PBXBuildFile; fileRef = FFAB4EFA216392D400AE82EA /* UIColor+Hex.swift */; };
		FFAB4F27216392D400AE82EA /* UIColor+RGB.swift in Sources */ = {isa = PBXBuildFile; fileRef = FFAB4EFB216392D400AE82EA /* UIColor+RGB.swift */; };
		FFAB4F28216392D400AE82EA /* WKWebView+Cookies.swift in Sources */ = {isa = PBXBuildFile; fileRef = FFAB4EFD216392D400AE82EA /* WKWebView+Cookies.swift */; };
		FFAB4F29216392D400AE82EA /* FullSreenLoader.xib in Resources */ = {isa = PBXBuildFile; fileRef = FFAB4F00216392D400AE82EA /* FullSreenLoader.xib */; };
		FFAB4F2A216392D400AE82EA /* FullScreenLoader.swift in Sources */ = {isa = PBXBuildFile; fileRef = FFAB4F01216392D400AE82EA /* FullScreenLoader.swift */; };
		FFAB4F2B216392D400AE82EA /* LoaderService.swift in Sources */ = {isa = PBXBuildFile; fileRef = FFAB4F02216392D400AE82EA /* LoaderService.swift */; };
		FFAB4F2C216392D400AE82EA /* ILoaderService.swift in Sources */ = {isa = PBXBuildFile; fileRef = FFAB4F03216392D400AE82EA /* ILoaderService.swift */; };
		FFAB4F2D216392D400AE82EA /* LoaderServiceAssembly.swift in Sources */ = {isa = PBXBuildFile; fileRef = FFAB4F05216392D400AE82EA /* LoaderServiceAssembly.swift */; };
		FFAB4F2E216392D400AE82EA /* ILocalize.swift in Sources */ = {isa = PBXBuildFile; fileRef = FFAB4F07216392D400AE82EA /* ILocalize.swift */; };
		FFAB4F2F216392D400AE82EA /* ILocalizator.swift in Sources */ = {isa = PBXBuildFile; fileRef = FFAB4F08216392D400AE82EA /* ILocalizator.swift */; };
		FFAB4F30216392D400AE82EA /* Localizator.swift in Sources */ = {isa = PBXBuildFile; fileRef = FFAB4F09216392D400AE82EA /* Localizator.swift */; };
		FFAB4F382163936B00AE82EA /* Application.swift in Sources */ = {isa = PBXBuildFile; fileRef = FFAB4F312163936A00AE82EA /* Application.swift */; };
		FFAB4F392163936B00AE82EA /* IAppDelegate.swift in Sources */ = {isa = PBXBuildFile; fileRef = FFAB4F332163936A00AE82EA /* IAppDelegate.swift */; };
		FFAB4F3A2163936B00AE82EA /* AppDelegate.swift in Sources */ = {isa = PBXBuildFile; fileRef = FFAB4F342163936A00AE82EA /* AppDelegate.swift */; };
		FFAB4F3B2163936B00AE82EA /* IApplication.swift in Sources */ = {isa = PBXBuildFile; fileRef = FFAB4F352163936B00AE82EA /* IApplication.swift */; };
		FFAB4F3C2163936B00AE82EA /* main.swift in Sources */ = {isa = PBXBuildFile; fileRef = FFAB4F372163936B00AE82EA /* main.swift */; };
		FFAB4F612163959700AE82EA /* AuthSB.storyboard in Resources */ = {isa = PBXBuildFile; fileRef = FFAB4F3E2163959700AE82EA /* AuthSB.storyboard */; };
		FFAB4F622163959700AE82EA /* AuthDirectorAssembly.swift in Sources */ = {isa = PBXBuildFile; fileRef = FFAB4F402163959700AE82EA /* AuthDirectorAssembly.swift */; };
		FFAB4F632163959700AE82EA /* AuthCakeAssembly.swift in Sources */ = {isa = PBXBuildFile; fileRef = FFAB4F412163959700AE82EA /* AuthCakeAssembly.swift */; };
		FFAB4F642163959700AE82EA /* LoginDesign.swift in Sources */ = {isa = PBXBuildFile; fileRef = FFAB4F442163959700AE82EA /* LoginDesign.swift */; };
		FFAB4F652163959700AE82EA /* ILoginDesign.swift in Sources */ = {isa = PBXBuildFile; fileRef = FFAB4F452163959700AE82EA /* ILoginDesign.swift */; };
		FFAB4F662163959700AE82EA /* LoginCakeAssembly.swift in Sources */ = {isa = PBXBuildFile; fileRef = FFAB4F472163959700AE82EA /* LoginCakeAssembly.swift */; };
		FFAB4F672163959700AE82EA /* LoginController.swift in Sources */ = {isa = PBXBuildFile; fileRef = FFAB4F492163959700AE82EA /* LoginController.swift */; };
		FFAB4F6A2163959700AE82EA /* ILoginCake.swift in Sources */ = {isa = PBXBuildFile; fileRef = FFAB4F4E2163959700AE82EA /* ILoginCake.swift */; };
		FFAB4F6B2163959700AE82EA /* LoginCake.swift in Sources */ = {isa = PBXBuildFile; fileRef = FFAB4F4F2163959700AE82EA /* LoginCake.swift */; };
		FFAB4F6C2163959700AE82EA /* ILoginRouter.swift in Sources */ = {isa = PBXBuildFile; fileRef = FFAB4F512163959700AE82EA /* ILoginRouter.swift */; };
		FFAB4F6D2163959700AE82EA /* LoginRouter.swift in Sources */ = {isa = PBXBuildFile; fileRef = FFAB4F522163959700AE82EA /* LoginRouter.swift */; };
		FFAB4F742163959700AE82EA /* AuthCake.swift in Sources */ = {isa = PBXBuildFile; fileRef = FFAB4F5C2163959700AE82EA /* AuthCake.swift */; };
		FFAB4F752163959700AE82EA /* IAuthCake.swift in Sources */ = {isa = PBXBuildFile; fileRef = FFAB4F5D2163959700AE82EA /* IAuthCake.swift */; };
		FFAB4F762163959700AE82EA /* AuthRouter.swift in Sources */ = {isa = PBXBuildFile; fileRef = FFAB4F5F2163959700AE82EA /* AuthRouter.swift */; };
		FFAB4F772163959700AE82EA /* IAuthRouter.swift in Sources */ = {isa = PBXBuildFile; fileRef = FFAB4F602163959700AE82EA /* IAuthRouter.swift */; };
		FFAB4F872163960900AE82EA /* RootCakeAssebly.swift in Sources */ = {isa = PBXBuildFile; fileRef = FFAB4F7A2163960900AE82EA /* RootCakeAssebly.swift */; };
		FFAB4F882163960900AE82EA /* Main.storyboard in Resources */ = {isa = PBXBuildFile; fileRef = FFAB4F7B2163960900AE82EA /* Main.storyboard */; };
		FFAB4F892163960900AE82EA /* RootController.swift in Sources */ = {isa = PBXBuildFile; fileRef = FFAB4F7D2163960900AE82EA /* RootController.swift */; };
		FFAB4F8C2163960900AE82EA /* IRootCake.swift in Sources */ = {isa = PBXBuildFile; fileRef = FFAB4F822163960900AE82EA /* IRootCake.swift */; };
		FFAB4F8D2163960900AE82EA /* RootCake.swift in Sources */ = {isa = PBXBuildFile; fileRef = FFAB4F832163960900AE82EA /* RootCake.swift */; };
		FFAB4F8E2163960900AE82EA /* RootRouter.swift in Sources */ = {isa = PBXBuildFile; fileRef = FFAB4F852163960900AE82EA /* RootRouter.swift */; };
		FFAB4F8F2163960900AE82EA /* IRootRouter.swift in Sources */ = {isa = PBXBuildFile; fileRef = FFAB4F862163960900AE82EA /* IRootRouter.swift */; };
		FFAB4FA42163971A00AE82EA /* SecurityServiceAssembly.swift in Sources */ = {isa = PBXBuildFile; fileRef = FFAB4F9B2163971A00AE82EA /* SecurityServiceAssembly.swift */; };
		FFAB4FA52163971A00AE82EA /* ISecurityService.swift in Sources */ = {isa = PBXBuildFile; fileRef = FFAB4F9D2163971A00AE82EA /* ISecurityService.swift */; };
		FFAB4FA62163971A00AE82EA /* SecurityService.swift in Sources */ = {isa = PBXBuildFile; fileRef = FFAB4F9E2163971A00AE82EA /* SecurityService.swift */; };
		FFAB4FA72163971A00AE82EA /* INetwork.swift in Sources */ = {isa = PBXBuildFile; fileRef = FFAB4FA02163971A00AE82EA /* INetwork.swift */; };
		FFAB4FA82163971A00AE82EA /* Network.swift in Sources */ = {isa = PBXBuildFile; fileRef = FFAB4FA12163971A00AE82EA /* Network.swift */; };
		FFAB4FA92163971A00AE82EA /* NetworkAssembly.swift in Sources */ = {isa = PBXBuildFile; fileRef = FFAB4FA32163971A00AE82EA /* NetworkAssembly.swift */; };
/* End PBXBuildFile section */

/* Begin PBXContainerItemProxy section */
		FFAB4E852163465F00AE82EA /* PBXContainerItemProxy */ = {
			isa = PBXContainerItemProxy;
			containerPortal = FFAB4E682163465C00AE82EA /* Project object */;
			proxyType = 1;
			remoteGlobalIDString = FFAB4E6F2163465C00AE82EA;
			remoteInfo = imh_corp_ios;
		};
/* End PBXContainerItemProxy section */

/* Begin PBXFileReference section */
		0810B094BC5ED48F45CB4854 /* Pods-imh_corp_ios.release.xcconfig */ = {isa = PBXFileReference; includeInIndex = 1; lastKnownFileType = text.xcconfig; name = "Pods-imh_corp_ios.release.xcconfig"; path = "Pods/Target Support Files/Pods-imh_corp_ios/Pods-imh_corp_ios.release.xcconfig"; sourceTree = "<group>"; };
		284E760EB484448212786CAC /* Pods_imh_corp_iosTests.framework */ = {isa = PBXFileReference; explicitFileType = wrapper.framework; includeInIndex = 0; path = Pods_imh_corp_iosTests.framework; sourceTree = BUILT_PRODUCTS_DIR; };
		2FCE2C9C9883EA1FDC817CBE /* Pods-imh_corp_iosTests.release.xcconfig */ = {isa = PBXFileReference; includeInIndex = 1; lastKnownFileType = text.xcconfig; name = "Pods-imh_corp_iosTests.release.xcconfig"; path = "Pods/Target Support Files/Pods-imh_corp_iosTests/Pods-imh_corp_iosTests.release.xcconfig"; sourceTree = "<group>"; };
		4D0D0FFB817B6CB098FDE1BA /* Pods-imh_corp_iosTests.debug.xcconfig */ = {isa = PBXFileReference; includeInIndex = 1; lastKnownFileType = text.xcconfig; name = "Pods-imh_corp_iosTests.debug.xcconfig"; path = "Pods/Target Support Files/Pods-imh_corp_iosTests/Pods-imh_corp_iosTests.debug.xcconfig"; sourceTree = "<group>"; };
		5F0C5A58696AEC9B6853308C /* Pods-imh_corp_ios.debug.xcconfig */ = {isa = PBXFileReference; includeInIndex = 1; lastKnownFileType = text.xcconfig; name = "Pods-imh_corp_ios.debug.xcconfig"; path = "Pods/Target Support Files/Pods-imh_corp_ios/Pods-imh_corp_ios.debug.xcconfig"; sourceTree = "<group>"; };
		FA73C63CBD60B29505B1F676 /* Pods_imh_corp_ios.framework */ = {isa = PBXFileReference; explicitFileType = wrapper.framework; includeInIndex = 0; path = Pods_imh_corp_ios.framework; sourceTree = BUILT_PRODUCTS_DIR; };
		FF72AEF12175BFBB002D04DA /* IRootDirector.swift */ = {isa = PBXFileReference; fileEncoding = 4; lastKnownFileType = sourcecode.swift; path = IRootDirector.swift; sourceTree = "<group>"; };
		FF72AEF22175BFBB002D04DA /* RootDirector.swift */ = {isa = PBXFileReference; fileEncoding = 4; lastKnownFileType = sourcecode.swift; path = RootDirector.swift; sourceTree = "<group>"; };
		FF72AEF62175BFF5002D04DA /* LoginDirector.swift */ = {isa = PBXFileReference; fileEncoding = 4; lastKnownFileType = sourcecode.swift; path = LoginDirector.swift; sourceTree = "<group>"; };
		FF72AEF72175BFF5002D04DA /* ILoginDirector.swift */ = {isa = PBXFileReference; fileEncoding = 4; lastKnownFileType = sourcecode.swift; path = ILoginDirector.swift; sourceTree = "<group>"; };
		FF72AEFB2175C0A5002D04DA /* ISessionService.swift */ = {isa = PBXFileReference; fileEncoding = 4; lastKnownFileType = sourcecode.swift; path = ISessionService.swift; sourceTree = "<group>"; };
		FF72AEFC2175C0A5002D04DA /* SessionService.swift */ = {isa = PBXFileReference; fileEncoding = 4; lastKnownFileType = sourcecode.swift; path = SessionService.swift; sourceTree = "<group>"; };
		FF72AF002175C1F5002D04DA /* AuthDirector.swift */ = {isa = PBXFileReference; fileEncoding = 4; lastKnownFileType = sourcecode.swift; path = AuthDirector.swift; sourceTree = "<group>"; };
		FF72AF012175C1F5002D04DA /* IAuthDirector.swift */ = {isa = PBXFileReference; fileEncoding = 4; lastKnownFileType = sourcecode.swift; path = IAuthDirector.swift; sourceTree = "<group>"; };
		FF72AF0B2175CE98002D04DA /* WelcomeCakeAssembly.swift */ = {isa = PBXFileReference; lastKnownFileType = sourcecode.swift; path = WelcomeCakeAssembly.swift; sourceTree = "<group>"; };
		FF72AF0D2175CEAD002D04DA /* IWelcomeCake.swift */ = {isa = PBXFileReference; lastKnownFileType = sourcecode.swift; path = IWelcomeCake.swift; sourceTree = "<group>"; };
		FF72AF0F2175CEBA002D04DA /* WelcomeCake.swift */ = {isa = PBXFileReference; lastKnownFileType = sourcecode.swift; path = WelcomeCake.swift; sourceTree = "<group>"; };
		FF72AF112175CECF002D04DA /* WelcomeController.swift */ = {isa = PBXFileReference; lastKnownFileType = sourcecode.swift; path = WelcomeController.swift; sourceTree = "<group>"; };
		FF72AF132175CEE1002D04DA /* IWelcomeDirector.swift */ = {isa = PBXFileReference; lastKnownFileType = sourcecode.swift; path = IWelcomeDirector.swift; sourceTree = "<group>"; };
		FF72AF152175CEED002D04DA /* WelcomeDirector.swift */ = {isa = PBXFileReference; lastKnownFileType = sourcecode.swift; path = WelcomeDirector.swift; sourceTree = "<group>"; };
		FF72AF172175CEFF002D04DA /* IWelcomeRouter.swift */ = {isa = PBXFileReference; lastKnownFileType = sourcecode.swift; path = IWelcomeRouter.swift; sourceTree = "<group>"; };
		FF72AF192175CF0B002D04DA /* WelcomeRouter.swift */ = {isa = PBXFileReference; lastKnownFileType = sourcecode.swift; path = WelcomeRouter.swift; sourceTree = "<group>"; };
		FF72AF1E2175DB11002D04DA /* IWelcomeDesign.swift */ = {isa = PBXFileReference; lastKnownFileType = sourcecode.swift; path = IWelcomeDesign.swift; sourceTree = "<group>"; };
		FF72AF202175DB1C002D04DA /* WelcomeDesign.swift */ = {isa = PBXFileReference; lastKnownFileType = sourcecode.swift; path = WelcomeDesign.swift; sourceTree = "<group>"; };
		FF72AF292175E2F1002D04DA /* imh_corp_ios.app */ = {isa = PBXFileReference; explicitFileType = wrapper.application; includeInIndex = 0; path = imh_corp_ios.app; sourceTree = BUILT_PRODUCTS_DIR; };
		FF72AF2A2175E2F1002D04DA /* imh_corp_iosTests.xctest */ = {isa = PBXFileReference; explicitFileType = wrapper.cfbundle; includeInIndex = 0; path = imh_corp_iosTests.xctest; sourceTree = BUILT_PRODUCTS_DIR; };
		FF72AF2D2175E35C002D04DA /* LICENSE */ = {isa = PBXFileReference; fileEncoding = 4; lastKnownFileType = text; path = LICENSE; sourceTree = "<group>"; };
		FF72AF302175E35C002D04DA /* FSPagerView.swift */ = {isa = PBXFileReference; fileEncoding = 4; lastKnownFileType = sourcecode.swift; path = FSPagerView.swift; sourceTree = "<group>"; };
		FF72AF312175E35C002D04DA /* FSPageViewTransformer.swift */ = {isa = PBXFileReference; fileEncoding = 4; lastKnownFileType = sourcecode.swift; path = FSPageViewTransformer.swift; sourceTree = "<group>"; };
		FF72AF322175E35C002D04DA /* FSPagerViewCell.swift */ = {isa = PBXFileReference; fileEncoding = 4; lastKnownFileType = sourcecode.swift; path = FSPagerViewCell.swift; sourceTree = "<group>"; };
		FF72AF332175E35C002D04DA /* FSPagerViewLayoutAttributes.swift */ = {isa = PBXFileReference; fileEncoding = 4; lastKnownFileType = sourcecode.swift; path = FSPagerViewLayoutAttributes.swift; sourceTree = "<group>"; };
		FF72AF342175E35C002D04DA /* FSPageViewLayout.swift */ = {isa = PBXFileReference; fileEncoding = 4; lastKnownFileType = sourcecode.swift; path = FSPageViewLayout.swift; sourceTree = "<group>"; };
		FF72AF352175E35C002D04DA /* FSPageControl.swift */ = {isa = PBXFileReference; fileEncoding = 4; lastKnownFileType = sourcecode.swift; path = FSPageControl.swift; sourceTree = "<group>"; };
		FF72AF362175E35C002D04DA /* FSPagerCollectionView.swift */ = {isa = PBXFileReference; fileEncoding = 4; lastKnownFileType = sourcecode.swift; path = FSPagerCollectionView.swift; sourceTree = "<group>"; };
		FFAB4E932163489200AE82EA /* Podfile */ = {isa = PBXFileReference; fileEncoding = 4; lastKnownFileType = text; path = Podfile; sourceTree = "<group>"; xcLanguageSpecificationIdentifier = xcode.lang.ruby; };
		FFAB4E9A216348B200AE82EA /* Assets.xcassets */ = {isa = PBXFileReference; lastKnownFileType = folder.assetcatalog; path = Assets.xcassets; sourceTree = "<group>"; };
		FFAB4E9C216348B200AE82EA /* Base */ = {isa = PBXFileReference; lastKnownFileType = file.storyboard; name = Base; path = Base.lproj/LaunchScreen.storyboard; sourceTree = "<group>"; };
		FFAB4E9E216348B200AE82EA /* Base */ = {isa = PBXFileReference; lastKnownFileType = file.storyboard; name = Base; path = Base.lproj/Main.storyboard; sourceTree = "<group>"; };
		FFAB4E9F216348B200AE82EA /* Info.plist */ = {isa = PBXFileReference; fileEncoding = 4; lastKnownFileType = text.plist.xml; path = Info.plist; sourceTree = "<group>"; };
		FFAB4ECE216392D400AE82EA /* LICENSE */ = {isa = PBXFileReference; fileEncoding = 4; lastKnownFileType = text; path = LICENSE; sourceTree = "<group>"; };
		FFAB4ED0216392D400AE82EA /* PopMenu.h */ = {isa = PBXFileReference; fileEncoding = 4; lastKnownFileType = sourcecode.c.h; path = PopMenu.h; sourceTree = "<group>"; };
		FFAB4ED2216392D400AE82EA /* PopMenuAction.swift */ = {isa = PBXFileReference; fileEncoding = 4; lastKnownFileType = sourcecode.swift; path = PopMenuAction.swift; sourceTree = "<group>"; };
		FFAB4ED3216392D400AE82EA /* PopMenuViewController.swift */ = {isa = PBXFileReference; fileEncoding = 4; lastKnownFileType = sourcecode.swift; path = PopMenuViewController.swift; sourceTree = "<group>"; };
		FFAB4ED5216392D400AE82EA /* PopMenuAppearance.swift */ = {isa = PBXFileReference; fileEncoding = 4; lastKnownFileType = sourcecode.swift; path = PopMenuAppearance.swift; sourceTree = "<group>"; };
		FFAB4ED6216392D400AE82EA /* PopMenuManager.swift */ = {isa = PBXFileReference; fileEncoding = 4; lastKnownFileType = sourcecode.swift; path = PopMenuManager.swift; sourceTree = "<group>"; };
		FFAB4ED8216392D400AE82EA /* UIColor+Contrast.swift */ = {isa = PBXFileReference; fileEncoding = 4; lastKnownFileType = sourcecode.swift; path = "UIColor+Contrast.swift"; sourceTree = "<group>"; };
		FFAB4ED9216392D400AE82EA /* PopMenuGradientView.swift */ = {isa = PBXFileReference; fileEncoding = 4; lastKnownFileType = sourcecode.swift; path = PopMenuGradientView.swift; sourceTree = "<group>"; };
		FFAB4EDA216392D400AE82EA /* UIView+Shadows.swift */ = {isa = PBXFileReference; fileEncoding = 4; lastKnownFileType = sourcecode.swift; path = "UIView+Shadows.swift"; sourceTree = "<group>"; };
		FFAB4EDB216392D400AE82EA /* Haptics.swift */ = {isa = PBXFileReference; fileEncoding = 4; lastKnownFileType = sourcecode.swift; path = Haptics.swift; sourceTree = "<group>"; };
		FFAB4EDD216392D400AE82EA /* PopMenuPresentAnimationController.swift */ = {isa = PBXFileReference; fileEncoding = 4; lastKnownFileType = sourcecode.swift; path = PopMenuPresentAnimationController.swift; sourceTree = "<group>"; };
		FFAB4EDE216392D400AE82EA /* PopMenuDismissAnimationController.swift */ = {isa = PBXFileReference; fileEncoding = 4; lastKnownFileType = sourcecode.swift; path = PopMenuDismissAnimationController.swift; sourceTree = "<group>"; };
		FFAB4EDF216392D400AE82EA /* README.md */ = {isa = PBXFileReference; fileEncoding = 4; lastKnownFileType = net.daringfireball.markdown; path = README.md; sourceTree = "<group>"; };
		FFAB4EE0216392D400AE82EA /* GradientView.swift */ = {isa = PBXFileReference; fileEncoding = 4; lastKnownFileType = sourcecode.swift; path = GradientView.swift; sourceTree = "<group>"; };
		FFAB4EE2216392D400AE82EA /* IAppDesign.swift */ = {isa = PBXFileReference; fileEncoding = 4; lastKnownFileType = sourcecode.swift; path = IAppDesign.swift; sourceTree = "<group>"; };
		FFAB4EE3216392D400AE82EA /* IDesign.swift */ = {isa = PBXFileReference; fileEncoding = 4; lastKnownFileType = sourcecode.swift; path = IDesign.swift; sourceTree = "<group>"; };
		FFAB4EE5216392D400AE82EA /* AppDesignAssembly.swift */ = {isa = PBXFileReference; fileEncoding = 4; lastKnownFileType = sourcecode.swift; path = AppDesignAssembly.swift; sourceTree = "<group>"; };
		FFAB4EE6216392D400AE82EA /* AppDesign.swift */ = {isa = PBXFileReference; fileEncoding = 4; lastKnownFileType = sourcecode.swift; path = AppDesign.swift; sourceTree = "<group>"; };
		FFAB4EE8216392D400AE82EA /* AssemblyList.plist */ = {isa = PBXFileReference; fileEncoding = 4; lastKnownFileType = text.plist.xml; path = AssemblyList.plist; sourceTree = "<group>"; };
		FFAB4EE9216392D400AE82EA /* IDependenceDirector.swift */ = {isa = PBXFileReference; fileEncoding = 4; lastKnownFileType = sourcecode.swift; path = IDependenceDirector.swift; sourceTree = "<group>"; };
		FFAB4EEA216392D400AE82EA /* DependenceDirector.swift */ = {isa = PBXFileReference; fileEncoding = 4; lastKnownFileType = sourcecode.swift; path = DependenceDirector.swift; sourceTree = "<group>"; };
		FFAB4EEB216392D400AE82EA /* Global.swift */ = {isa = PBXFileReference; fileEncoding = 4; lastKnownFileType = sourcecode.swift; path = Global.swift; sourceTree = "<group>"; };
		FFAB4EED216392D400AE82EA /* IRouter.swift */ = {isa = PBXFileReference; fileEncoding = 4; lastKnownFileType = sourcecode.swift; path = IRouter.swift; sourceTree = "<group>"; };
		FFAB4EF0216392D400AE82EA /* IWindowStack.swift */ = {isa = PBXFileReference; fileEncoding = 4; lastKnownFileType = sourcecode.swift; path = IWindowStack.swift; sourceTree = "<group>"; };
		FFAB4EF1216392D400AE82EA /* WindowStack.swift */ = {isa = PBXFileReference; fileEncoding = 4; lastKnownFileType = sourcecode.swift; path = WindowStack.swift; sourceTree = "<group>"; };
		FFAB4EF3216392D400AE82EA /* TimeInterval+Date.swift */ = {isa = PBXFileReference; fileEncoding = 4; lastKnownFileType = sourcecode.swift; path = "TimeInterval+Date.swift"; sourceTree = "<group>"; };
		FFAB4EF5216392D400AE82EA /* DispatchQueue+After.swift */ = {isa = PBXFileReference; fileEncoding = 4; lastKnownFileType = sourcecode.swift; path = "DispatchQueue+After.swift"; sourceTree = "<group>"; };
		FFAB4EF7216392D400AE82EA /* UIStoryboard+Load.swift */ = {isa = PBXFileReference; fileEncoding = 4; lastKnownFileType = sourcecode.swift; path = "UIStoryboard+Load.swift"; sourceTree = "<group>"; };
		FFAB4EF8216392D400AE82EA /* UIStoryboard+Type.swift */ = {isa = PBXFileReference; fileEncoding = 4; lastKnownFileType = sourcecode.swift; path = "UIStoryboard+Type.swift"; sourceTree = "<group>"; };
		FFAB4EFA216392D400AE82EA /* UIColor+Hex.swift */ = {isa = PBXFileReference; fileEncoding = 4; lastKnownFileType = sourcecode.swift; path = "UIColor+Hex.swift"; sourceTree = "<group>"; };
		FFAB4EFB216392D400AE82EA /* UIColor+RGB.swift */ = {isa = PBXFileReference; fileEncoding = 4; lastKnownFileType = sourcecode.swift; path = "UIColor+RGB.swift"; sourceTree = "<group>"; };
		FFAB4EFD216392D400AE82EA /* WKWebView+Cookies.swift */ = {isa = PBXFileReference; fileEncoding = 4; lastKnownFileType = sourcecode.swift; path = "WKWebView+Cookies.swift"; sourceTree = "<group>"; };
		FFAB4F00216392D400AE82EA /* FullSreenLoader.xib */ = {isa = PBXFileReference; fileEncoding = 4; lastKnownFileType = file.xib; path = FullSreenLoader.xib; sourceTree = "<group>"; };
		FFAB4F01216392D400AE82EA /* FullScreenLoader.swift */ = {isa = PBXFileReference; fileEncoding = 4; lastKnownFileType = sourcecode.swift; path = FullScreenLoader.swift; sourceTree = "<group>"; };
		FFAB4F02216392D400AE82EA /* LoaderService.swift */ = {isa = PBXFileReference; fileEncoding = 4; lastKnownFileType = sourcecode.swift; path = LoaderService.swift; sourceTree = "<group>"; };
		FFAB4F03216392D400AE82EA /* ILoaderService.swift */ = {isa = PBXFileReference; fileEncoding = 4; lastKnownFileType = sourcecode.swift; path = ILoaderService.swift; sourceTree = "<group>"; };
		FFAB4F05216392D400AE82EA /* LoaderServiceAssembly.swift */ = {isa = PBXFileReference; fileEncoding = 4; lastKnownFileType = sourcecode.swift; path = LoaderServiceAssembly.swift; sourceTree = "<group>"; };
		FFAB4F07216392D400AE82EA /* ILocalize.swift */ = {isa = PBXFileReference; fileEncoding = 4; lastKnownFileType = sourcecode.swift; path = ILocalize.swift; sourceTree = "<group>"; };
		FFAB4F08216392D400AE82EA /* ILocalizator.swift */ = {isa = PBXFileReference; fileEncoding = 4; lastKnownFileType = sourcecode.swift; path = ILocalizator.swift; sourceTree = "<group>"; };
		FFAB4F09216392D400AE82EA /* Localizator.swift */ = {isa = PBXFileReference; fileEncoding = 4; lastKnownFileType = sourcecode.swift; path = Localizator.swift; sourceTree = "<group>"; };
		FFAB4F312163936A00AE82EA /* Application.swift */ = {isa = PBXFileReference; fileEncoding = 4; lastKnownFileType = sourcecode.swift; path = Application.swift; sourceTree = "<group>"; };
		FFAB4F332163936A00AE82EA /* IAppDelegate.swift */ = {isa = PBXFileReference; fileEncoding = 4; lastKnownFileType = sourcecode.swift; path = IAppDelegate.swift; sourceTree = "<group>"; };
		FFAB4F342163936A00AE82EA /* AppDelegate.swift */ = {isa = PBXFileReference; fileEncoding = 4; lastKnownFileType = sourcecode.swift; path = AppDelegate.swift; sourceTree = "<group>"; };
		FFAB4F352163936B00AE82EA /* IApplication.swift */ = {isa = PBXFileReference; fileEncoding = 4; lastKnownFileType = sourcecode.swift; path = IApplication.swift; sourceTree = "<group>"; };
		FFAB4F372163936B00AE82EA /* main.swift */ = {isa = PBXFileReference; fileEncoding = 4; lastKnownFileType = sourcecode.swift; path = main.swift; sourceTree = "<group>"; };
		FFAB4F3E2163959700AE82EA /* AuthSB.storyboard */ = {isa = PBXFileReference; fileEncoding = 4; lastKnownFileType = file.storyboard; path = AuthSB.storyboard; sourceTree = "<group>"; };
		FFAB4F402163959700AE82EA /* AuthDirectorAssembly.swift */ = {isa = PBXFileReference; fileEncoding = 4; lastKnownFileType = sourcecode.swift; path = AuthDirectorAssembly.swift; sourceTree = "<group>"; };
		FFAB4F412163959700AE82EA /* AuthCakeAssembly.swift */ = {isa = PBXFileReference; fileEncoding = 4; lastKnownFileType = sourcecode.swift; path = AuthCakeAssembly.swift; sourceTree = "<group>"; };
		FFAB4F442163959700AE82EA /* LoginDesign.swift */ = {isa = PBXFileReference; fileEncoding = 4; lastKnownFileType = sourcecode.swift; path = LoginDesign.swift; sourceTree = "<group>"; };
		FFAB4F452163959700AE82EA /* ILoginDesign.swift */ = {isa = PBXFileReference; fileEncoding = 4; lastKnownFileType = sourcecode.swift; path = ILoginDesign.swift; sourceTree = "<group>"; };
		FFAB4F472163959700AE82EA /* LoginCakeAssembly.swift */ = {isa = PBXFileReference; fileEncoding = 4; lastKnownFileType = sourcecode.swift; path = LoginCakeAssembly.swift; sourceTree = "<group>"; };
		FFAB4F492163959700AE82EA /* LoginController.swift */ = {isa = PBXFileReference; fileEncoding = 4; lastKnownFileType = sourcecode.swift; path = LoginController.swift; sourceTree = "<group>"; };
		FFAB4F4E2163959700AE82EA /* ILoginCake.swift */ = {isa = PBXFileReference; fileEncoding = 4; lastKnownFileType = sourcecode.swift; path = ILoginCake.swift; sourceTree = "<group>"; };
		FFAB4F4F2163959700AE82EA /* LoginCake.swift */ = {isa = PBXFileReference; fileEncoding = 4; lastKnownFileType = sourcecode.swift; path = LoginCake.swift; sourceTree = "<group>"; };
		FFAB4F512163959700AE82EA /* ILoginRouter.swift */ = {isa = PBXFileReference; fileEncoding = 4; lastKnownFileType = sourcecode.swift; path = ILoginRouter.swift; sourceTree = "<group>"; };
		FFAB4F522163959700AE82EA /* LoginRouter.swift */ = {isa = PBXFileReference; fileEncoding = 4; lastKnownFileType = sourcecode.swift; path = LoginRouter.swift; sourceTree = "<group>"; };
		FFAB4F5C2163959700AE82EA /* AuthCake.swift */ = {isa = PBXFileReference; fileEncoding = 4; lastKnownFileType = sourcecode.swift; path = AuthCake.swift; sourceTree = "<group>"; };
		FFAB4F5D2163959700AE82EA /* IAuthCake.swift */ = {isa = PBXFileReference; fileEncoding = 4; lastKnownFileType = sourcecode.swift; path = IAuthCake.swift; sourceTree = "<group>"; };
		FFAB4F5F2163959700AE82EA /* AuthRouter.swift */ = {isa = PBXFileReference; fileEncoding = 4; lastKnownFileType = sourcecode.swift; path = AuthRouter.swift; sourceTree = "<group>"; };
		FFAB4F602163959700AE82EA /* IAuthRouter.swift */ = {isa = PBXFileReference; fileEncoding = 4; lastKnownFileType = sourcecode.swift; path = IAuthRouter.swift; sourceTree = "<group>"; };
		FFAB4F7A2163960900AE82EA /* RootCakeAssebly.swift */ = {isa = PBXFileReference; fileEncoding = 4; lastKnownFileType = sourcecode.swift; path = RootCakeAssebly.swift; sourceTree = "<group>"; };
		FFAB4F7B2163960900AE82EA /* Main.storyboard */ = {isa = PBXFileReference; fileEncoding = 4; lastKnownFileType = file.storyboard; path = Main.storyboard; sourceTree = "<group>"; };
		FFAB4F7D2163960900AE82EA /* RootController.swift */ = {isa = PBXFileReference; fileEncoding = 4; lastKnownFileType = sourcecode.swift; path = RootController.swift; sourceTree = "<group>"; };
		FFAB4F822163960900AE82EA /* IRootCake.swift */ = {isa = PBXFileReference; fileEncoding = 4; lastKnownFileType = sourcecode.swift; path = IRootCake.swift; sourceTree = "<group>"; };
		FFAB4F832163960900AE82EA /* RootCake.swift */ = {isa = PBXFileReference; fileEncoding = 4; lastKnownFileType = sourcecode.swift; path = RootCake.swift; sourceTree = "<group>"; };
		FFAB4F852163960900AE82EA /* RootRouter.swift */ = {isa = PBXFileReference; fileEncoding = 4; lastKnownFileType = sourcecode.swift; path = RootRouter.swift; sourceTree = "<group>"; };
		FFAB4F862163960900AE82EA /* IRootRouter.swift */ = {isa = PBXFileReference; fileEncoding = 4; lastKnownFileType = sourcecode.swift; path = IRootRouter.swift; sourceTree = "<group>"; };
		FFAB4F9B2163971A00AE82EA /* SecurityServiceAssembly.swift */ = {isa = PBXFileReference; fileEncoding = 4; lastKnownFileType = sourcecode.swift; path = SecurityServiceAssembly.swift; sourceTree = "<group>"; };
		FFAB4F9D2163971A00AE82EA /* ISecurityService.swift */ = {isa = PBXFileReference; fileEncoding = 4; lastKnownFileType = sourcecode.swift; path = ISecurityService.swift; sourceTree = "<group>"; };
		FFAB4F9E2163971A00AE82EA /* SecurityService.swift */ = {isa = PBXFileReference; fileEncoding = 4; lastKnownFileType = sourcecode.swift; path = SecurityService.swift; sourceTree = "<group>"; };
		FFAB4FA02163971A00AE82EA /* INetwork.swift */ = {isa = PBXFileReference; fileEncoding = 4; lastKnownFileType = sourcecode.swift; path = INetwork.swift; sourceTree = "<group>"; };
		FFAB4FA12163971A00AE82EA /* Network.swift */ = {isa = PBXFileReference; fileEncoding = 4; lastKnownFileType = sourcecode.swift; path = Network.swift; sourceTree = "<group>"; };
		FFAB4FA32163971A00AE82EA /* NetworkAssembly.swift */ = {isa = PBXFileReference; fileEncoding = 4; lastKnownFileType = sourcecode.swift; path = NetworkAssembly.swift; sourceTree = "<group>"; };
/* End PBXFileReference section */

/* Begin PBXFrameworksBuildPhase section */
		FFAB4E6D2163465C00AE82EA /* Frameworks */ = {
			isa = PBXFrameworksBuildPhase;
			buildActionMask = 2147483647;
			files = (
				0D688522DC2055097D4F50A0 /* Pods_imh_corp_ios.framework in Frameworks */,
			);
			runOnlyForDeploymentPostprocessing = 0;
		};
		FFAB4E812163465F00AE82EA /* Frameworks */ = {
			isa = PBXFrameworksBuildPhase;
			buildActionMask = 2147483647;
			files = (
				B9D90EF4F711B91A51CF8641 /* Pods_imh_corp_iosTests.framework in Frameworks */,
			);
			runOnlyForDeploymentPostprocessing = 0;
		};
/* End PBXFrameworksBuildPhase section */

/* Begin PBXGroup section */
		6DA4429CA10A0A69F6390F31 /* Frameworks */ = {
			isa = PBXGroup;
			children = (
				FA73C63CBD60B29505B1F676 /* Pods_imh_corp_ios.framework */,
				284E760EB484448212786CAC /* Pods_imh_corp_iosTests.framework */,
			);
			name = Frameworks;
			sourceTree = "<group>";
		};
		8F213191BF86927CFE7E2704 /* Pods */ = {
			isa = PBXGroup;
			children = (
				5F0C5A58696AEC9B6853308C /* Pods-imh_corp_ios.debug.xcconfig */,
				0810B094BC5ED48F45CB4854 /* Pods-imh_corp_ios.release.xcconfig */,
				4D0D0FFB817B6CB098FDE1BA /* Pods-imh_corp_iosTests.debug.xcconfig */,
				2FCE2C9C9883EA1FDC817CBE /* Pods-imh_corp_iosTests.release.xcconfig */,
			);
			name = Pods;
			sourceTree = "<group>";
		};
		FF72AEEF2170AF8D002D04DA /* welcome */ = {
			isa = PBXGroup;
			children = (
				FF72AF1D2175DAFE002D04DA /* design */,
				FF72AF042175CE38002D04DA /* assemblys */,
				FF72AF082175CE38002D04DA /* cake */,
				FF72AF052175CE38002D04DA /* controller */,
				FF72AF062175CE38002D04DA /* director */,
				FF72AF072175CE38002D04DA /* router */,
			);
			path = welcome;
			sourceTree = "<group>";
		};
		FF72AEF02175BFBB002D04DA /* director */ = {
			isa = PBXGroup;
			children = (
				FF72AEF12175BFBB002D04DA /* IRootDirector.swift */,
				FF72AEF22175BFBB002D04DA /* RootDirector.swift */,
			);
			path = director;
			sourceTree = "<group>";
		};
		FF72AEF52175BFF5002D04DA /* director */ = {
			isa = PBXGroup;
			children = (
				FF72AEF62175BFF5002D04DA /* LoginDirector.swift */,
				FF72AEF72175BFF5002D04DA /* ILoginDirector.swift */,
			);
			path = director;
			sourceTree = "<group>";
		};
		FF72AEFA2175C0A5002D04DA /* session */ = {
			isa = PBXGroup;
			children = (
				FF72AEFB2175C0A5002D04DA /* ISessionService.swift */,
				FF72AEFC2175C0A5002D04DA /* SessionService.swift */,
			);
			path = session;
			sourceTree = "<group>";
		};
		FF72AEFF2175C1F5002D04DA /* director */ = {
			isa = PBXGroup;
			children = (
				FF72AF002175C1F5002D04DA /* AuthDirector.swift */,
				FF72AF012175C1F5002D04DA /* IAuthDirector.swift */,
			);
			path = director;
			sourceTree = "<group>";
		};
		FF72AF042175CE38002D04DA /* assemblys */ = {
			isa = PBXGroup;
			children = (
				FF72AF0B2175CE98002D04DA /* WelcomeCakeAssembly.swift */,
			);
			path = assemblys;
			sourceTree = "<group>";
		};
		FF72AF052175CE38002D04DA /* controller */ = {
			isa = PBXGroup;
			children = (
				FF72AF112175CECF002D04DA /* WelcomeController.swift */,
			);
			path = controller;
			sourceTree = "<group>";
		};
		FF72AF062175CE38002D04DA /* director */ = {
			isa = PBXGroup;
			children = (
				FF72AF132175CEE1002D04DA /* IWelcomeDirector.swift */,
				FF72AF152175CEED002D04DA /* WelcomeDirector.swift */,
			);
			path = director;
			sourceTree = "<group>";
		};
		FF72AF072175CE38002D04DA /* router */ = {
			isa = PBXGroup;
			children = (
				FF72AF172175CEFF002D04DA /* IWelcomeRouter.swift */,
				FF72AF192175CF0B002D04DA /* WelcomeRouter.swift */,
			);
			path = router;
			sourceTree = "<group>";
		};
		FF72AF082175CE38002D04DA /* cake */ = {
			isa = PBXGroup;
			children = (
				FF72AF0D2175CEAD002D04DA /* IWelcomeCake.swift */,
				FF72AF0F2175CEBA002D04DA /* WelcomeCake.swift */,
			);
			path = cake;
			sourceTree = "<group>";
		};
		FF72AF1D2175DAFE002D04DA /* design */ = {
			isa = PBXGroup;
			children = (
				FF72AF1E2175DB11002D04DA /* IWelcomeDesign.swift */,
				FF72AF202175DB1C002D04DA /* WelcomeDesign.swift */,
			);
			path = design;
			sourceTree = "<group>";
		};
		FF72AF2B2175E35C002D04DA /* extLib */ = {
			isa = PBXGroup;
			children = (
				FF72AF2C2175E35C002D04DA /* FSPagerView */,
			);
			path = extLib;
			sourceTree = "<group>";
		};
		FF72AF2C2175E35C002D04DA /* FSPagerView */ = {
			isa = PBXGroup;
			children = (
				FF72AF2D2175E35C002D04DA /* LICENSE */,
				FF72AF2F2175E35C002D04DA /* Sources */,
			);
			path = FSPagerView;
			sourceTree = "<group>";
		};
		FF72AF2F2175E35C002D04DA /* Sources */ = {
			isa = PBXGroup;
			children = (
				FF72AF302175E35C002D04DA /* FSPagerView.swift */,
				FF72AF312175E35C002D04DA /* FSPageViewTransformer.swift */,
				FF72AF322175E35C002D04DA /* FSPagerViewCell.swift */,
				FF72AF332175E35C002D04DA /* FSPagerViewLayoutAttributes.swift */,
				FF72AF342175E35C002D04DA /* FSPageViewLayout.swift */,
				FF72AF352175E35C002D04DA /* FSPageControl.swift */,
				FF72AF362175E35C002D04DA /* FSPagerCollectionView.swift */,
			);
			path = Sources;
			sourceTree = "<group>";
		};
		FFAB4E672163465C00AE82EA = {
			isa = PBXGroup;
			children = (
				FFAB4E932163489200AE82EA /* Podfile */,
				FFAB4E722163465C00AE82EA /* imh_corp_ios */,
				8F213191BF86927CFE7E2704 /* Pods */,
				6DA4429CA10A0A69F6390F31 /* Frameworks */,
				FF72AF292175E2F1002D04DA /* imh_corp_ios.app */,
				FF72AF2A2175E2F1002D04DA /* imh_corp_iosTests.xctest */,
			);
			sourceTree = "<group>";
		};
		FFAB4E722163465C00AE82EA /* imh_corp_ios */ = {
			isa = PBXGroup;
			children = (
				FF72AF2B2175E35C002D04DA /* extLib */,
				FF72AEEF2170AF8D002D04DA /* welcome */,
				FFAB4F782163960900AE82EA /* root */,
				FFAB4F3D2163959700AE82EA /* auth */,
				FFAB4EA5216348BE00AE82EA /* core */,
				FFAB4E95216348B200AE82EA /* app */,
				FFAB4E99216348B200AE82EA /* res */,
			);
			path = imh_corp_ios;
			sourceTree = "<group>";
		};
		FFAB4E95216348B200AE82EA /* app */ = {
			isa = PBXGroup;
			children = (
				FFAB4F312163936A00AE82EA /* Application.swift */,
				FFAB4F322163936A00AE82EA /* delegate */,
				FFAB4F352163936B00AE82EA /* IApplication.swift */,
				FFAB4F362163936B00AE82EA /* main */,
			);
			path = app;
			sourceTree = "<group>";
		};
		FFAB4E99216348B200AE82EA /* res */ = {
			isa = PBXGroup;
			children = (
				FFAB4E9A216348B200AE82EA /* Assets.xcassets */,
				FFAB4E9B216348B200AE82EA /* LaunchScreen.storyboard */,
				FFAB4E9D216348B200AE82EA /* Main.storyboard */,
				FFAB4E9F216348B200AE82EA /* Info.plist */,
			);
			path = res;
			sourceTree = "<group>";
		};
		FFAB4EA5216348BE00AE82EA /* core */ = {
			isa = PBXGroup;
			children = (
				FFAB4F9F2163971A00AE82EA /* network */,
				FFAB4F992163971A00AE82EA /* security */,
				FFAB4EE7216392D400AE82EA /* dependence */,
				FFAB4EE1216392D400AE82EA /* design */,
				FFAB4EF2216392D400AE82EA /* extensions */,
				FFAB4EEB216392D400AE82EA /* Global.swift */,
				FFAB4EFE216392D400AE82EA /* loader */,
				FFAB4F06216392D400AE82EA /* localizator */,
				FFAB4EEC216392D400AE82EA /* routing */,
				FFAB4ECC216392D400AE82EA /* ui_components */,
				FFAB4EEE216392D400AE82EA /* windowStack */,
			);
			path = core;
			sourceTree = "<group>";
		};
		FFAB4ECC216392D400AE82EA /* ui_components */ = {
			isa = PBXGroup;
			children = (
				FFAB4ECD216392D400AE82EA /* NewPopMenu */,
				FFAB4EE0216392D400AE82EA /* GradientView.swift */,
			);
			path = ui_components;
			sourceTree = "<group>";
		};
		FFAB4ECD216392D400AE82EA /* NewPopMenu */ = {
			isa = PBXGroup;
			children = (
				FFAB4ECE216392D400AE82EA /* LICENSE */,
				FFAB4ECF216392D400AE82EA /* PopMenu */,
				FFAB4EDF216392D400AE82EA /* README.md */,
			);
			path = NewPopMenu;
			sourceTree = "<group>";
		};
		FFAB4ECF216392D400AE82EA /* PopMenu */ = {
			isa = PBXGroup;
			children = (
				FFAB4ED0216392D400AE82EA /* PopMenu.h */,
				FFAB4ED1216392D400AE82EA /* View Controller & Views */,
				FFAB4ED4216392D400AE82EA /* Classes */,
				FFAB4EDC216392D400AE82EA /* Transitions */,
			);
			path = PopMenu;
			sourceTree = "<group>";
		};
		FFAB4ED1216392D400AE82EA /* View Controller & Views */ = {
			isa = PBXGroup;
			children = (
				FFAB4ED2216392D400AE82EA /* PopMenuAction.swift */,
				FFAB4ED3216392D400AE82EA /* PopMenuViewController.swift */,
			);
			path = "View Controller & Views";
			sourceTree = "<group>";
		};
		FFAB4ED4216392D400AE82EA /* Classes */ = {
			isa = PBXGroup;
			children = (
				FFAB4ED5216392D400AE82EA /* PopMenuAppearance.swift */,
				FFAB4ED6216392D400AE82EA /* PopMenuManager.swift */,
				FFAB4ED7216392D400AE82EA /* Helpers */,
			);
			path = Classes;
			sourceTree = "<group>";
		};
		FFAB4ED7216392D400AE82EA /* Helpers */ = {
			isa = PBXGroup;
			children = (
				FFAB4ED8216392D400AE82EA /* UIColor+Contrast.swift */,
				FFAB4ED9216392D400AE82EA /* PopMenuGradientView.swift */,
				FFAB4EDA216392D400AE82EA /* UIView+Shadows.swift */,
				FFAB4EDB216392D400AE82EA /* Haptics.swift */,
			);
			path = Helpers;
			sourceTree = "<group>";
		};
		FFAB4EDC216392D400AE82EA /* Transitions */ = {
			isa = PBXGroup;
			children = (
				FFAB4EDD216392D400AE82EA /* PopMenuPresentAnimationController.swift */,
				FFAB4EDE216392D400AE82EA /* PopMenuDismissAnimationController.swift */,
			);
			path = Transitions;
			sourceTree = "<group>";
		};
		FFAB4EE1216392D400AE82EA /* design */ = {
			isa = PBXGroup;
			children = (
				FFAB4EE2216392D400AE82EA /* IAppDesign.swift */,
				FFAB4EE3216392D400AE82EA /* IDesign.swift */,
				FFAB4EE4216392D400AE82EA /* assembly */,
				FFAB4EE6216392D400AE82EA /* AppDesign.swift */,
			);
			path = design;
			sourceTree = "<group>";
		};
		FFAB4EE4216392D400AE82EA /* assembly */ = {
			isa = PBXGroup;
			children = (
				FFAB4EE5216392D400AE82EA /* AppDesignAssembly.swift */,
			);
			path = assembly;
			sourceTree = "<group>";
		};
		FFAB4EE7216392D400AE82EA /* dependence */ = {
			isa = PBXGroup;
			children = (
				FFAB4EE8216392D400AE82EA /* AssemblyList.plist */,
				FFAB4EE9216392D400AE82EA /* IDependenceDirector.swift */,
				FFAB4EEA216392D400AE82EA /* DependenceDirector.swift */,
			);
			path = dependence;
			sourceTree = "<group>";
		};
		FFAB4EEC216392D400AE82EA /* routing */ = {
			isa = PBXGroup;
			children = (
				FFAB4EED216392D400AE82EA /* IRouter.swift */,
			);
			path = routing;
			sourceTree = "<group>";
		};
		FFAB4EEE216392D400AE82EA /* windowStack */ = {
			isa = PBXGroup;
			children = (
				FFAB4EEF216392D400AE82EA /* assembly */,
				FFAB4EF0216392D400AE82EA /* IWindowStack.swift */,
				FFAB4EF1216392D400AE82EA /* WindowStack.swift */,
			);
			path = windowStack;
			sourceTree = "<group>";
		};
		FFAB4EEF216392D400AE82EA /* assembly */ = {
			isa = PBXGroup;
			children = (
			);
			path = assembly;
			sourceTree = "<group>";
		};
		FFAB4EF2216392D400AE82EA /* extensions */ = {
			isa = PBXGroup;
			children = (
				FFAB4EF3216392D400AE82EA /* TimeInterval+Date.swift */,
				FFAB4EF4216392D400AE82EA /* dispatchQueue */,
				FFAB4EF6216392D400AE82EA /* uistoryboard */,
				FFAB4EF9216392D400AE82EA /* color */,
				FFAB4EFC216392D400AE82EA /* webView */,
			);
			path = extensions;
			sourceTree = "<group>";
		};
		FFAB4EF4216392D400AE82EA /* dispatchQueue */ = {
			isa = PBXGroup;
			children = (
				FFAB4EF5216392D400AE82EA /* DispatchQueue+After.swift */,
			);
			path = dispatchQueue;
			sourceTree = "<group>";
		};
		FFAB4EF6216392D400AE82EA /* uistoryboard */ = {
			isa = PBXGroup;
			children = (
				FFAB4EF7216392D400AE82EA /* UIStoryboard+Load.swift */,
				FFAB4EF8216392D400AE82EA /* UIStoryboard+Type.swift */,
			);
			path = uistoryboard;
			sourceTree = "<group>";
		};
		FFAB4EF9216392D400AE82EA /* color */ = {
			isa = PBXGroup;
			children = (
				FFAB4EFA216392D400AE82EA /* UIColor+Hex.swift */,
				FFAB4EFB216392D400AE82EA /* UIColor+RGB.swift */,
			);
			path = color;
			sourceTree = "<group>";
		};
		FFAB4EFC216392D400AE82EA /* webView */ = {
			isa = PBXGroup;
			children = (
				FFAB4EFD216392D400AE82EA /* WKWebView+Cookies.swift */,
			);
			path = webView;
			sourceTree = "<group>";
		};
		FFAB4EFE216392D400AE82EA /* loader */ = {
			isa = PBXGroup;
			children = (
				FFAB4EFF216392D400AE82EA /* ui */,
				FFAB4F02216392D400AE82EA /* LoaderService.swift */,
				FFAB4F03216392D400AE82EA /* ILoaderService.swift */,
				FFAB4F04216392D400AE82EA /* assembly */,
			);
			path = loader;
			sourceTree = "<group>";
		};
		FFAB4EFF216392D400AE82EA /* ui */ = {
			isa = PBXGroup;
			children = (
				FFAB4F00216392D400AE82EA /* FullSreenLoader.xib */,
				FFAB4F01216392D400AE82EA /* FullScreenLoader.swift */,
			);
			path = ui;
			sourceTree = "<group>";
		};
		FFAB4F04216392D400AE82EA /* assembly */ = {
			isa = PBXGroup;
			children = (
				FFAB4F05216392D400AE82EA /* LoaderServiceAssembly.swift */,
			);
			path = assembly;
			sourceTree = "<group>";
		};
		FFAB4F06216392D400AE82EA /* localizator */ = {
			isa = PBXGroup;
			children = (
				FFAB4F07216392D400AE82EA /* ILocalize.swift */,
				FFAB4F08216392D400AE82EA /* ILocalizator.swift */,
				FFAB4F09216392D400AE82EA /* Localizator.swift */,
			);
			path = localizator;
			sourceTree = "<group>";
		};
		FFAB4F322163936A00AE82EA /* delegate */ = {
			isa = PBXGroup;
			children = (
				FFAB4F332163936A00AE82EA /* IAppDelegate.swift */,
				FFAB4F342163936A00AE82EA /* AppDelegate.swift */,
			);
			path = delegate;
			sourceTree = "<group>";
		};
		FFAB4F362163936B00AE82EA /* main */ = {
			isa = PBXGroup;
			children = (
				FFAB4F372163936B00AE82EA /* main.swift */,
			);
			path = main;
			sourceTree = "<group>";
		};
		FFAB4F3D2163959700AE82EA /* auth */ = {
			isa = PBXGroup;
			children = (
				FF72AEFF2175C1F5002D04DA /* director */,
				FF72AEFA2175C0A5002D04DA /* session */,
				FFAB4F3E2163959700AE82EA /* AuthSB.storyboard */,
				FFAB4F3F2163959700AE82EA /* assemblys */,
				FFAB4F422163959700AE82EA /* login */,
				FFAB4F5B2163959700AE82EA /* cake */,
				FFAB4F5E2163959700AE82EA /* router */,
			);
			path = auth;
			sourceTree = "<group>";
		};
		FFAB4F3F2163959700AE82EA /* assemblys */ = {
			isa = PBXGroup;
			children = (
				FFAB4F402163959700AE82EA /* AuthDirectorAssembly.swift */,
				FFAB4F412163959700AE82EA /* AuthCakeAssembly.swift */,
			);
			path = assemblys;
			sourceTree = "<group>";
		};
		FFAB4F422163959700AE82EA /* login */ = {
			isa = PBXGroup;
			children = (
				FF72AEF52175BFF5002D04DA /* director */,
				FFAB4F432163959700AE82EA /* design */,
				FFAB4F462163959700AE82EA /* assemblys */,
				FFAB4F482163959700AE82EA /* controller */,
				FFAB4F4D2163959700AE82EA /* cake */,
				FFAB4F502163959700AE82EA /* router */,
			);
			path = login;
			sourceTree = "<group>";
		};
		FFAB4F432163959700AE82EA /* design */ = {
			isa = PBXGroup;
			children = (
				FFAB4F442163959700AE82EA /* LoginDesign.swift */,
				FFAB4F452163959700AE82EA /* ILoginDesign.swift */,
			);
			path = design;
			sourceTree = "<group>";
		};
		FFAB4F462163959700AE82EA /* assemblys */ = {
			isa = PBXGroup;
			children = (
				FFAB4F472163959700AE82EA /* LoginCakeAssembly.swift */,
			);
			path = assemblys;
			sourceTree = "<group>";
		};
		FFAB4F482163959700AE82EA /* controller */ = {
			isa = PBXGroup;
			children = (
				FFAB4F492163959700AE82EA /* LoginController.swift */,
			);
			path = controller;
			sourceTree = "<group>";
		};
		FFAB4F4D2163959700AE82EA /* cake */ = {
			isa = PBXGroup;
			children = (
				FFAB4F4E2163959700AE82EA /* ILoginCake.swift */,
				FFAB4F4F2163959700AE82EA /* LoginCake.swift */,
			);
			path = cake;
			sourceTree = "<group>";
		};
		FFAB4F502163959700AE82EA /* router */ = {
			isa = PBXGroup;
			children = (
				FFAB4F512163959700AE82EA /* ILoginRouter.swift */,
				FFAB4F522163959700AE82EA /* LoginRouter.swift */,
			);
			path = router;
			sourceTree = "<group>";
		};
		FFAB4F5B2163959700AE82EA /* cake */ = {
			isa = PBXGroup;
			children = (
				FFAB4F5C2163959700AE82EA /* AuthCake.swift */,
				FFAB4F5D2163959700AE82EA /* IAuthCake.swift */,
			);
			path = cake;
			sourceTree = "<group>";
		};
		FFAB4F5E2163959700AE82EA /* router */ = {
			isa = PBXGroup;
			children = (
				FFAB4F5F2163959700AE82EA /* AuthRouter.swift */,
				FFAB4F602163959700AE82EA /* IAuthRouter.swift */,
			);
			path = router;
			sourceTree = "<group>";
		};
		FFAB4F782163960900AE82EA /* root */ = {
			isa = PBXGroup;
			children = (
				FF72AEF02175BFBB002D04DA /* director */,
				FFAB4F792163960900AE82EA /* assemblys */,
				FFAB4F7B2163960900AE82EA /* Main.storyboard */,
				FFAB4F7C2163960900AE82EA /* controller */,
				FFAB4F812163960900AE82EA /* cake */,
				FFAB4F842163960900AE82EA /* router */,
			);
			path = root;
			sourceTree = "<group>";
		};
		FFAB4F792163960900AE82EA /* assemblys */ = {
			isa = PBXGroup;
			children = (
				FFAB4F7A2163960900AE82EA /* RootCakeAssebly.swift */,
			);
			path = assemblys;
			sourceTree = "<group>";
		};
		FFAB4F7C2163960900AE82EA /* controller */ = {
			isa = PBXGroup;
			children = (
				FFAB4F7D2163960900AE82EA /* RootController.swift */,
			);
			path = controller;
			sourceTree = "<group>";
		};
		FFAB4F812163960900AE82EA /* cake */ = {
			isa = PBXGroup;
			children = (
				FFAB4F822163960900AE82EA /* IRootCake.swift */,
				FFAB4F832163960900AE82EA /* RootCake.swift */,
			);
			path = cake;
			sourceTree = "<group>";
		};
		FFAB4F842163960900AE82EA /* router */ = {
			isa = PBXGroup;
			children = (
				FFAB4F852163960900AE82EA /* RootRouter.swift */,
				FFAB4F862163960900AE82EA /* IRootRouter.swift */,
			);
			path = router;
			sourceTree = "<group>";
		};
		FFAB4F992163971A00AE82EA /* security */ = {
			isa = PBXGroup;
			children = (
				FFAB4F9A2163971A00AE82EA /* assemblys */,
				FFAB4F9C2163971A00AE82EA /* services */,
			);
			path = security;
			sourceTree = "<group>";
		};
		FFAB4F9A2163971A00AE82EA /* assemblys */ = {
			isa = PBXGroup;
			children = (
				FFAB4F9B2163971A00AE82EA /* SecurityServiceAssembly.swift */,
			);
			path = assemblys;
			sourceTree = "<group>";
		};
		FFAB4F9C2163971A00AE82EA /* services */ = {
			isa = PBXGroup;
			children = (
				FFAB4F9D2163971A00AE82EA /* ISecurityService.swift */,
				FFAB4F9E2163971A00AE82EA /* SecurityService.swift */,
			);
			path = services;
			sourceTree = "<group>";
		};
		FFAB4F9F2163971A00AE82EA /* network */ = {
			isa = PBXGroup;
			children = (
				FFAB4FA02163971A00AE82EA /* INetwork.swift */,
				FFAB4FA12163971A00AE82EA /* Network.swift */,
				FFAB4FA22163971A00AE82EA /* assemblys */,
			);
			path = network;
			sourceTree = "<group>";
		};
		FFAB4FA22163971A00AE82EA /* assemblys */ = {
			isa = PBXGroup;
			children = (
				FFAB4FA32163971A00AE82EA /* NetworkAssembly.swift */,
			);
			path = assemblys;
			sourceTree = "<group>";
		};
/* End PBXGroup section */

/* Begin PBXNativeTarget section */
		FFAB4E6F2163465C00AE82EA /* imh_corp_ios */ = {
			isa = PBXNativeTarget;
			buildConfigurationList = FFAB4E8D2163465F00AE82EA /* Build configuration list for PBXNativeTarget "imh_corp_ios" */;
			buildPhases = (
				E850B615017ADF207A05A02E /* [CP] Check Pods Manifest.lock */,
				FFAB4E6C2163465C00AE82EA /* Sources */,
				FFAB4E6D2163465C00AE82EA /* Frameworks */,
				FFAB4E6E2163465C00AE82EA /* Resources */,
				56690402F80AE5BCB17FF065 /* [CP] Embed Pods Frameworks */,
				F0388E35E3C23B6327DFFD70 /* [CP] Copy Pods Resources */,
			);
			buildRules = (
			);
			dependencies = (
			);
			name = imh_corp_ios;
			productName = imh_corp_ios;
			productReference = FF72AF292175E2F1002D04DA /* imh_corp_ios.app */;
			productType = "com.apple.product-type.application";
		};
		FFAB4E832163465F00AE82EA /* imh_corp_iosTests */ = {
			isa = PBXNativeTarget;
			buildConfigurationList = FFAB4E902163465F00AE82EA /* Build configuration list for PBXNativeTarget "imh_corp_iosTests" */;
			buildPhases = (
				6AD1DA52809E08C3165244B4 /* [CP] Check Pods Manifest.lock */,
				FFAB4E802163465F00AE82EA /* Sources */,
				FFAB4E812163465F00AE82EA /* Frameworks */,
				FFAB4E822163465F00AE82EA /* Resources */,
				2C71676A93AF5E28E4BAED75 /* [CP] Embed Pods Frameworks */,
				32E5942ECF138F63C3EF7D82 /* [CP] Copy Pods Resources */,
			);
			buildRules = (
			);
			dependencies = (
				FFAB4E862163465F00AE82EA /* PBXTargetDependency */,
			);
			name = imh_corp_iosTests;
			productName = imh_corp_iosTests;
			productReference = FF72AF2A2175E2F1002D04DA /* imh_corp_iosTests.xctest */;
			productType = "com.apple.product-type.bundle.unit-test";
		};
/* End PBXNativeTarget section */

/* Begin PBXProject section */
		FFAB4E682163465C00AE82EA /* Project object */ = {
			isa = PBXProject;
			attributes = {
				LastSwiftUpdateCheck = 1000;
				LastUpgradeCheck = 1000;
				ORGANIZATIONNAME = "Industrial Metallurgical Holding";
				TargetAttributes = {
					FFAB4E6F2163465C00AE82EA = {
						CreatedOnToolsVersion = 10.0;
					};
					FFAB4E832163465F00AE82EA = {
						CreatedOnToolsVersion = 10.0;
						TestTargetID = FFAB4E6F2163465C00AE82EA;
					};
				};
			};
			buildConfigurationList = FFAB4E6B2163465C00AE82EA /* Build configuration list for PBXProject "imh_corp_ios" */;
			compatibilityVersion = "Xcode 9.3";
			developmentRegion = en;
			hasScannedForEncodings = 0;
			knownRegions = (
				en,
				Base,
			);
			mainGroup = FFAB4E672163465C00AE82EA;
			productRefGroup = FFAB4E672163465C00AE82EA;
			projectDirPath = "";
			projectRoot = "";
			targets = (
				FFAB4E6F2163465C00AE82EA /* imh_corp_ios */,
				FFAB4E832163465F00AE82EA /* imh_corp_iosTests */,
			);
		};
/* End PBXProject section */

/* Begin PBXResourcesBuildPhase section */
		FFAB4E6E2163465C00AE82EA /* Resources */ = {
			isa = PBXResourcesBuildPhase;
			buildActionMask = 2147483647;
			files = (
				FFAB4F15216392D400AE82EA /* README.md in Resources */,
				FFAB4F882163960900AE82EA /* Main.storyboard in Resources */,
				FFAB4EA2216348B200AE82EA /* LaunchScreen.storyboard in Resources */,
				FFAB4EA1216348B200AE82EA /* Assets.xcassets in Resources */,
				FFAB4F29216392D400AE82EA /* FullSreenLoader.xib in Resources */,
				FF72AF372175E35C002D04DA /* LICENSE in Resources */,
				FFAB4F612163959700AE82EA /* AuthSB.storyboard in Resources */,
				FFAB4E942163489200AE82EA /* Podfile in Resources */,
				FFAB4EA3216348B200AE82EA /* Main.storyboard in Resources */,
				FFAB4F1B216392D400AE82EA /* AssemblyList.plist in Resources */,
				FFAB4F0A216392D400AE82EA /* LICENSE in Resources */,
			);
			runOnlyForDeploymentPostprocessing = 0;
		};
		FFAB4E822163465F00AE82EA /* Resources */ = {
			isa = PBXResourcesBuildPhase;
			buildActionMask = 2147483647;
			files = (
			);
			runOnlyForDeploymentPostprocessing = 0;
		};
/* End PBXResourcesBuildPhase section */

/* Begin PBXShellScriptBuildPhase section */
		2C71676A93AF5E28E4BAED75 /* [CP] Embed Pods Frameworks */ = {
			isa = PBXShellScriptBuildPhase;
			buildActionMask = 2147483647;
			files = (
			);
			inputPaths = (
				"${SRCROOT}/Pods/Target Support Files/Pods-imh_corp_iosTests/Pods-imh_corp_iosTests-frameworks.sh",
				"${BUILT_PRODUCTS_DIR}/BiometricAuthentication/BiometricAuthentication.framework",
				"${BUILT_PRODUCTS_DIR}/Cocaine/Cocaine.framework",
				"${BUILT_PRODUCTS_DIR}/EventSender/EventSender.framework",
				"${BUILT_PRODUCTS_DIR}/KeyboardHandler/KeyboardHandler.framework",
				"${BUILT_PRODUCTS_DIR}/KeychainSwift/KeychainSwift.framework",
				"${BUILT_PRODUCTS_DIR}/Realm/Realm.framework",
				"${BUILT_PRODUCTS_DIR}/RealmSwift/RealmSwift.framework",
			);
			name = "[CP] Embed Pods Frameworks";
			outputPaths = (
				"${TARGET_BUILD_DIR}/${FRAMEWORKS_FOLDER_PATH}/BiometricAuthentication.framework",
				"${TARGET_BUILD_DIR}/${FRAMEWORKS_FOLDER_PATH}/Cocaine.framework",
				"${TARGET_BUILD_DIR}/${FRAMEWORKS_FOLDER_PATH}/EventSender.framework",
				"${TARGET_BUILD_DIR}/${FRAMEWORKS_FOLDER_PATH}/KeyboardHandler.framework",
				"${TARGET_BUILD_DIR}/${FRAMEWORKS_FOLDER_PATH}/KeychainSwift.framework",
				"${TARGET_BUILD_DIR}/${FRAMEWORKS_FOLDER_PATH}/Realm.framework",
				"${TARGET_BUILD_DIR}/${FRAMEWORKS_FOLDER_PATH}/RealmSwift.framework",
			);
			runOnlyForDeploymentPostprocessing = 0;
			shellPath = /bin/sh;
			shellScript = "\"${SRCROOT}/Pods/Target Support Files/Pods-imh_corp_iosTests/Pods-imh_corp_iosTests-frameworks.sh\"\n";
			showEnvVarsInLog = 0;
		};
		32E5942ECF138F63C3EF7D82 /* [CP] Copy Pods Resources */ = {
			isa = PBXShellScriptBuildPhase;
			buildActionMask = 2147483647;
			files = (
			);
			inputPaths = (
			);
			name = "[CP] Copy Pods Resources";
			outputPaths = (
			);
			runOnlyForDeploymentPostprocessing = 0;
			shellPath = /bin/sh;
			shellScript = "\"${SRCROOT}/Pods/Target Support Files/Pods-imh_corp_iosTests/Pods-imh_corp_iosTests-resources.sh\"\n";
			showEnvVarsInLog = 0;
		};
		56690402F80AE5BCB17FF065 /* [CP] Embed Pods Frameworks */ = {
			isa = PBXShellScriptBuildPhase;
			buildActionMask = 2147483647;
			files = (
			);
			inputPaths = (
				"${SRCROOT}/Pods/Target Support Files/Pods-imh_corp_ios/Pods-imh_corp_ios-frameworks.sh",
				"${BUILT_PRODUCTS_DIR}/BiometricAuthentication/BiometricAuthentication.framework",
				"${BUILT_PRODUCTS_DIR}/Cocaine/Cocaine.framework",
				"${BUILT_PRODUCTS_DIR}/EventSender/EventSender.framework",
				"${BUILT_PRODUCTS_DIR}/KeyboardHandler/KeyboardHandler.framework",
				"${BUILT_PRODUCTS_DIR}/KeychainSwift/KeychainSwift.framework",
				"${BUILT_PRODUCTS_DIR}/Realm/Realm.framework",
				"${BUILT_PRODUCTS_DIR}/RealmSwift/RealmSwift.framework",
			);
			name = "[CP] Embed Pods Frameworks";
			outputPaths = (
				"${TARGET_BUILD_DIR}/${FRAMEWORKS_FOLDER_PATH}/BiometricAuthentication.framework",
				"${TARGET_BUILD_DIR}/${FRAMEWORKS_FOLDER_PATH}/Cocaine.framework",
				"${TARGET_BUILD_DIR}/${FRAMEWORKS_FOLDER_PATH}/EventSender.framework",
				"${TARGET_BUILD_DIR}/${FRAMEWORKS_FOLDER_PATH}/KeyboardHandler.framework",
				"${TARGET_BUILD_DIR}/${FRAMEWORKS_FOLDER_PATH}/KeychainSwift.framework",
				"${TARGET_BUILD_DIR}/${FRAMEWORKS_FOLDER_PATH}/Realm.framework",
				"${TARGET_BUILD_DIR}/${FRAMEWORKS_FOLDER_PATH}/RealmSwift.framework",
			);
			runOnlyForDeploymentPostprocessing = 0;
			shellPath = /bin/sh;
			shellScript = "\"${SRCROOT}/Pods/Target Support Files/Pods-imh_corp_ios/Pods-imh_corp_ios-frameworks.sh\"\n";
			showEnvVarsInLog = 0;
		};
		6AD1DA52809E08C3165244B4 /* [CP] Check Pods Manifest.lock */ = {
			isa = PBXShellScriptBuildPhase;
			buildActionMask = 2147483647;
			files = (
			);
			inputPaths = (
				"${PODS_PODFILE_DIR_PATH}/Podfile.lock",
				"${PODS_ROOT}/Manifest.lock",
			);
			name = "[CP] Check Pods Manifest.lock";
			outputPaths = (
				"$(DERIVED_FILE_DIR)/Pods-imh_corp_iosTests-checkManifestLockResult.txt",
			);
			runOnlyForDeploymentPostprocessing = 0;
			shellPath = /bin/sh;
			shellScript = "diff \"${PODS_PODFILE_DIR_PATH}/Podfile.lock\" \"${PODS_ROOT}/Manifest.lock\" > /dev/null\nif [ $? != 0 ] ; then\n    # print error to STDERR\n    echo \"error: The sandbox is not in sync with the Podfile.lock. Run 'pod install' or update your CocoaPods installation.\" >&2\n    exit 1\nfi\n# This output is used by Xcode 'outputs' to avoid re-running this script phase.\necho \"SUCCESS\" > \"${SCRIPT_OUTPUT_FILE_0}\"\n";
			showEnvVarsInLog = 0;
		};
		E850B615017ADF207A05A02E /* [CP] Check Pods Manifest.lock */ = {
			isa = PBXShellScriptBuildPhase;
			buildActionMask = 2147483647;
			files = (
			);
			inputPaths = (
				"${PODS_PODFILE_DIR_PATH}/Podfile.lock",
				"${PODS_ROOT}/Manifest.lock",
			);
			name = "[CP] Check Pods Manifest.lock";
			outputPaths = (
				"$(DERIVED_FILE_DIR)/Pods-imh_corp_ios-checkManifestLockResult.txt",
			);
			runOnlyForDeploymentPostprocessing = 0;
			shellPath = /bin/sh;
			shellScript = "diff \"${PODS_PODFILE_DIR_PATH}/Podfile.lock\" \"${PODS_ROOT}/Manifest.lock\" > /dev/null\nif [ $? != 0 ] ; then\n    # print error to STDERR\n    echo \"error: The sandbox is not in sync with the Podfile.lock. Run 'pod install' or update your CocoaPods installation.\" >&2\n    exit 1\nfi\n# This output is used by Xcode 'outputs' to avoid re-running this script phase.\necho \"SUCCESS\" > \"${SCRIPT_OUTPUT_FILE_0}\"\n";
			showEnvVarsInLog = 0;
		};
		F0388E35E3C23B6327DFFD70 /* [CP] Copy Pods Resources */ = {
			isa = PBXShellScriptBuildPhase;
			buildActionMask = 2147483647;
			files = (
			);
			inputPaths = (
			);
			name = "[CP] Copy Pods Resources";
			outputPaths = (
			);
			runOnlyForDeploymentPostprocessing = 0;
			shellPath = /bin/sh;
			shellScript = "\"${SRCROOT}/Pods/Target Support Files/Pods-imh_corp_ios/Pods-imh_corp_ios-resources.sh\"\n";
			showEnvVarsInLog = 0;
		};
/* End PBXShellScriptBuildPhase section */

/* Begin PBXSourcesBuildPhase section */
		FFAB4E6C2163465C00AE82EA /* Sources */ = {
			isa = PBXSourcesBuildPhase;
			buildActionMask = 2147483647;
			files = (
				FFAB4F1F216392D400AE82EA /* IRouter.swift in Sources */,
				FFAB4F752163959700AE82EA /* IAuthCake.swift in Sources */,
				FFAB4F13216392D400AE82EA /* PopMenuPresentAnimationController.swift in Sources */,
				FF72AEF32175BFBB002D04DA /* IRootDirector.swift in Sources */,
				FFAB4FA92163971A00AE82EA /* NetworkAssembly.swift in Sources */,
				FFAB4F382163936B00AE82EA /* Application.swift in Sources */,
				FF72AF022175C1F5002D04DA /* AuthDirector.swift in Sources */,
				FFAB4FA62163971A00AE82EA /* SecurityService.swift in Sources */,
				FFAB4F6D2163959700AE82EA /* LoginRouter.swift in Sources */,
				FFAB4F8C2163960900AE82EA /* IRootCake.swift in Sources */,
				FFAB4F2F216392D400AE82EA /* ILocalizator.swift in Sources */,
				FFAB4F6C2163959700AE82EA /* ILoginRouter.swift in Sources */,
				FFAB4F20216392D400AE82EA /* IWindowStack.swift in Sources */,
				FFAB4FA72163971A00AE82EA /* INetwork.swift in Sources */,
				FFAB4F6B2163959700AE82EA /* LoginCake.swift in Sources */,
				FFAB4F622163959700AE82EA /* AuthDirectorAssembly.swift in Sources */,
				FFAB4F672163959700AE82EA /* LoginController.swift in Sources */,
				FF72AF3D2175E35C002D04DA /* FSPageViewLayout.swift in Sources */,
				FF72AF182175CEFF002D04DA /* IWelcomeRouter.swift in Sources */,
				FFAB4F652163959700AE82EA /* ILoginDesign.swift in Sources */,
				FF72AF1F2175DB11002D04DA /* IWelcomeDesign.swift in Sources */,
				FFAB4F772163959700AE82EA /* IAuthRouter.swift in Sources */,
				FF72AEFE2175C0A5002D04DA /* SessionService.swift in Sources */,
				FFAB4F762163959700AE82EA /* AuthRouter.swift in Sources */,
				FFAB4F8F2163960900AE82EA /* IRootRouter.swift in Sources */,
				FFAB4F11216392D400AE82EA /* UIView+Shadows.swift in Sources */,
				FFAB4F12216392D400AE82EA /* Haptics.swift in Sources */,
				FF72AF142175CEE1002D04DA /* IWelcomeDirector.swift in Sources */,
				FFAB4F10216392D400AE82EA /* PopMenuGradientView.swift in Sources */,
				FFAB4F662163959700AE82EA /* LoginCakeAssembly.swift in Sources */,
				FF72AEF92175BFF5002D04DA /* ILoginDirector.swift in Sources */,
				FFAB4F0D216392D400AE82EA /* PopMenuAppearance.swift in Sources */,
				FFAB4F30216392D400AE82EA /* Localizator.swift in Sources */,
				FFAB4FA52163971A00AE82EA /* ISecurityService.swift in Sources */,
				FFAB4F2D216392D400AE82EA /* LoaderServiceAssembly.swift in Sources */,
				FFAB4F2E216392D400AE82EA /* ILocalize.swift in Sources */,
				FFAB4F1D216392D400AE82EA /* DependenceDirector.swift in Sources */,
				FFAB4F392163936B00AE82EA /* IAppDelegate.swift in Sources */,
				FFAB4F21216392D400AE82EA /* WindowStack.swift in Sources */,
				FFAB4F14216392D400AE82EA /* PopMenuDismissAnimationController.swift in Sources */,
				FFAB4F8D2163960900AE82EA /* RootCake.swift in Sources */,
				FF72AEFD2175C0A5002D04DA /* ISessionService.swift in Sources */,
				FFAB4F632163959700AE82EA /* AuthCakeAssembly.swift in Sources */,
				FF72AF3A2175E35C002D04DA /* FSPageViewTransformer.swift in Sources */,
				FFAB4F872163960900AE82EA /* RootCakeAssebly.swift in Sources */,
				FF72AF3C2175E35C002D04DA /* FSPagerViewLayoutAttributes.swift in Sources */,
				FFAB4F3C2163936B00AE82EA /* main.swift in Sources */,
				FFAB4F1E216392D400AE82EA /* Global.swift in Sources */,
				FFAB4F3B2163936B00AE82EA /* IApplication.swift in Sources */,
				FFAB4F27216392D400AE82EA /* UIColor+RGB.swift in Sources */,
				FF72AF0C2175CE98002D04DA /* WelcomeCakeAssembly.swift in Sources */,
				FFAB4FA42163971A00AE82EA /* SecurityServiceAssembly.swift in Sources */,
				FF72AF3F2175E35C002D04DA /* FSPagerCollectionView.swift in Sources */,
				FF72AF3B2175E35C002D04DA /* FSPagerViewCell.swift in Sources */,
				FFAB4F1A216392D400AE82EA /* AppDesign.swift in Sources */,
				FFAB4F6A2163959700AE82EA /* ILoginCake.swift in Sources */,
				FF72AF122175CECF002D04DA /* WelcomeController.swift in Sources */,
				FFAB4F23216392D400AE82EA /* DispatchQueue+After.swift in Sources */,
				FFAB4F3A2163936B00AE82EA /* AppDelegate.swift in Sources */,
				FFAB4F742163959700AE82EA /* AuthCake.swift in Sources */,
				FFAB4F0C216392D400AE82EA /* PopMenuViewController.swift in Sources */,
				FF72AF392175E35C002D04DA /* FSPagerView.swift in Sources */,
				FFAB4F25216392D400AE82EA /* UIStoryboard+Type.swift in Sources */,
				FFAB4F22216392D400AE82EA /* TimeInterval+Date.swift in Sources */,
				FF72AF162175CEED002D04DA /* WelcomeDirector.swift in Sources */,
				FF72AF102175CEBA002D04DA /* WelcomeCake.swift in Sources */,
				FFAB4F18216392D400AE82EA /* IDesign.swift in Sources */,
				FFAB4F17216392D400AE82EA /* IAppDesign.swift in Sources */,
				FFAB4F0E216392D400AE82EA /* PopMenuManager.swift in Sources */,
				FFAB4F8E2163960900AE82EA /* RootRouter.swift in Sources */,
				FFAB4F2B216392D400AE82EA /* LoaderService.swift in Sources */,
				FFAB4F26216392D400AE82EA /* UIColor+Hex.swift in Sources */,
				FF72AEF82175BFF5002D04DA /* LoginDirector.swift in Sources */,
				FF72AEF42175BFBB002D04DA /* RootDirector.swift in Sources */,
				FF72AF3E2175E35C002D04DA /* FSPageControl.swift in Sources */,
				FFAB4F16216392D400AE82EA /* GradientView.swift in Sources */,
				FFAB4F642163959700AE82EA /* LoginDesign.swift in Sources */,
				FF72AF1A2175CF0B002D04DA /* WelcomeRouter.swift in Sources */,
				FFAB4F1C216392D400AE82EA /* IDependenceDirector.swift in Sources */,
				FFAB4F892163960900AE82EA /* RootController.swift in Sources */,
				FFAB4F19216392D400AE82EA /* AppDesignAssembly.swift in Sources */,
				FFAB4F2C216392D400AE82EA /* ILoaderService.swift in Sources */,
				FF72AF032175C1F5002D04DA /* IAuthDirector.swift in Sources */,
				FF72AF212175DB1C002D04DA /* WelcomeDesign.swift in Sources */,
				FFAB4F0B216392D400AE82EA /* PopMenuAction.swift in Sources */,
				FFAB4F28216392D400AE82EA /* WKWebView+Cookies.swift in Sources */,
				FFAB4F2A216392D400AE82EA /* FullScreenLoader.swift in Sources */,
				FFAB4FA82163971A00AE82EA /* Network.swift in Sources */,
				FFAB4F24216392D400AE82EA /* UIStoryboard+Load.swift in Sources */,
				FF72AF0E2175CEAD002D04DA /* IWelcomeCake.swift in Sources */,
				FFAB4F0F216392D400AE82EA /* UIColor+Contrast.swift in Sources */,
			);
			runOnlyForDeploymentPostprocessing = 0;
		};
		FFAB4E802163465F00AE82EA /* Sources */ = {
			isa = PBXSourcesBuildPhase;
			buildActionMask = 2147483647;
			files = (
			);
			runOnlyForDeploymentPostprocessing = 0;
		};
/* End PBXSourcesBuildPhase section */

/* Begin PBXTargetDependency section */
		FFAB4E862163465F00AE82EA /* PBXTargetDependency */ = {
			isa = PBXTargetDependency;
			target = FFAB4E6F2163465C00AE82EA /* imh_corp_ios */;
			targetProxy = FFAB4E852163465F00AE82EA /* PBXContainerItemProxy */;
		};
/* End PBXTargetDependency section */

/* Begin PBXVariantGroup section */
		FFAB4E9B216348B200AE82EA /* LaunchScreen.storyboard */ = {
			isa = PBXVariantGroup;
			children = (
				FFAB4E9C216348B200AE82EA /* Base */,
			);
			name = LaunchScreen.storyboard;
			sourceTree = "<group>";
		};
		FFAB4E9D216348B200AE82EA /* Main.storyboard */ = {
			isa = PBXVariantGroup;
			children = (
				FFAB4E9E216348B200AE82EA /* Base */,
			);
			name = Main.storyboard;
			sourceTree = "<group>";
		};
/* End PBXVariantGroup section */

/* Begin XCBuildConfiguration section */
		FFAB4E8B2163465F00AE82EA /* Debug */ = {
			isa = XCBuildConfiguration;
			buildSettings = {
				ALWAYS_SEARCH_USER_PATHS = NO;
				CLANG_ANALYZER_NONNULL = YES;
				CLANG_ANALYZER_NUMBER_OBJECT_CONVERSION = YES_AGGRESSIVE;
				CLANG_CXX_LANGUAGE_STANDARD = "gnu++14";
				CLANG_CXX_LIBRARY = "libc++";
				CLANG_ENABLE_MODULES = YES;
				CLANG_ENABLE_OBJC_ARC = YES;
				CLANG_ENABLE_OBJC_WEAK = YES;
				CLANG_WARN_BLOCK_CAPTURE_AUTORELEASING = YES;
				CLANG_WARN_BOOL_CONVERSION = YES;
				CLANG_WARN_COMMA = YES;
				CLANG_WARN_CONSTANT_CONVERSION = YES;
				CLANG_WARN_DEPRECATED_OBJC_IMPLEMENTATIONS = YES;
				CLANG_WARN_DIRECT_OBJC_ISA_USAGE = YES_ERROR;
				CLANG_WARN_DOCUMENTATION_COMMENTS = YES;
				CLANG_WARN_EMPTY_BODY = YES;
				CLANG_WARN_ENUM_CONVERSION = YES;
				CLANG_WARN_INFINITE_RECURSION = YES;
				CLANG_WARN_INT_CONVERSION = YES;
				CLANG_WARN_NON_LITERAL_NULL_CONVERSION = YES;
				CLANG_WARN_OBJC_IMPLICIT_RETAIN_SELF = YES;
				CLANG_WARN_OBJC_LITERAL_CONVERSION = YES;
				CLANG_WARN_OBJC_ROOT_CLASS = YES_ERROR;
				CLANG_WARN_RANGE_LOOP_ANALYSIS = YES;
				CLANG_WARN_STRICT_PROTOTYPES = YES;
				CLANG_WARN_SUSPICIOUS_MOVE = YES;
				CLANG_WARN_UNGUARDED_AVAILABILITY = YES_AGGRESSIVE;
				CLANG_WARN_UNREACHABLE_CODE = YES;
				CLANG_WARN__DUPLICATE_METHOD_MATCH = YES;
				CODE_SIGN_IDENTITY = "iPhone Developer";
				COPY_PHASE_STRIP = NO;
				DEBUG_INFORMATION_FORMAT = dwarf;
				ENABLE_STRICT_OBJC_MSGSEND = YES;
				ENABLE_TESTABILITY = YES;
				GCC_C_LANGUAGE_STANDARD = gnu11;
				GCC_DYNAMIC_NO_PIC = NO;
				GCC_NO_COMMON_BLOCKS = YES;
				GCC_OPTIMIZATION_LEVEL = 0;
				GCC_PREPROCESSOR_DEFINITIONS = (
					"DEBUG=1",
					"$(inherited)",
				);
				GCC_WARN_64_TO_32_BIT_CONVERSION = YES;
				GCC_WARN_ABOUT_RETURN_TYPE = YES_ERROR;
				GCC_WARN_UNDECLARED_SELECTOR = YES;
				GCC_WARN_UNINITIALIZED_AUTOS = YES_AGGRESSIVE;
				GCC_WARN_UNUSED_FUNCTION = YES;
				GCC_WARN_UNUSED_VARIABLE = YES;
				IPHONEOS_DEPLOYMENT_TARGET = 12.0;
				MTL_ENABLE_DEBUG_INFO = INCLUDE_SOURCE;
				MTL_FAST_MATH = YES;
				ONLY_ACTIVE_ARCH = YES;
				SDKROOT = iphoneos;
				SWIFT_ACTIVE_COMPILATION_CONDITIONS = DEBUG;
				SWIFT_OPTIMIZATION_LEVEL = "-Onone";
			};
			name = Debug;
		};
		FFAB4E8C2163465F00AE82EA /* Release */ = {
			isa = XCBuildConfiguration;
			buildSettings = {
				ALWAYS_SEARCH_USER_PATHS = NO;
				CLANG_ANALYZER_NONNULL = YES;
				CLANG_ANALYZER_NUMBER_OBJECT_CONVERSION = YES_AGGRESSIVE;
				CLANG_CXX_LANGUAGE_STANDARD = "gnu++14";
				CLANG_CXX_LIBRARY = "libc++";
				CLANG_ENABLE_MODULES = YES;
				CLANG_ENABLE_OBJC_ARC = YES;
				CLANG_ENABLE_OBJC_WEAK = YES;
				CLANG_WARN_BLOCK_CAPTURE_AUTORELEASING = YES;
				CLANG_WARN_BOOL_CONVERSION = YES;
				CLANG_WARN_COMMA = YES;
				CLANG_WARN_CONSTANT_CONVERSION = YES;
				CLANG_WARN_DEPRECATED_OBJC_IMPLEMENTATIONS = YES;
				CLANG_WARN_DIRECT_OBJC_ISA_USAGE = YES_ERROR;
				CLANG_WARN_DOCUMENTATION_COMMENTS = YES;
				CLANG_WARN_EMPTY_BODY = YES;
				CLANG_WARN_ENUM_CONVERSION = YES;
				CLANG_WARN_INFINITE_RECURSION = YES;
				CLANG_WARN_INT_CONVERSION = YES;
				CLANG_WARN_NON_LITERAL_NULL_CONVERSION = YES;
				CLANG_WARN_OBJC_IMPLICIT_RETAIN_SELF = YES;
				CLANG_WARN_OBJC_LITERAL_CONVERSION = YES;
				CLANG_WARN_OBJC_ROOT_CLASS = YES_ERROR;
				CLANG_WARN_RANGE_LOOP_ANALYSIS = YES;
				CLANG_WARN_STRICT_PROTOTYPES = YES;
				CLANG_WARN_SUSPICIOUS_MOVE = YES;
				CLANG_WARN_UNGUARDED_AVAILABILITY = YES_AGGRESSIVE;
				CLANG_WARN_UNREACHABLE_CODE = YES;
				CLANG_WARN__DUPLICATE_METHOD_MATCH = YES;
				CODE_SIGN_IDENTITY = "iPhone Developer";
				COPY_PHASE_STRIP = NO;
				DEBUG_INFORMATION_FORMAT = "dwarf-with-dsym";
				ENABLE_NS_ASSERTIONS = NO;
				ENABLE_STRICT_OBJC_MSGSEND = YES;
				GCC_C_LANGUAGE_STANDARD = gnu11;
				GCC_NO_COMMON_BLOCKS = YES;
				GCC_WARN_64_TO_32_BIT_CONVERSION = YES;
				GCC_WARN_ABOUT_RETURN_TYPE = YES_ERROR;
				GCC_WARN_UNDECLARED_SELECTOR = YES;
				GCC_WARN_UNINITIALIZED_AUTOS = YES_AGGRESSIVE;
				GCC_WARN_UNUSED_FUNCTION = YES;
				GCC_WARN_UNUSED_VARIABLE = YES;
				IPHONEOS_DEPLOYMENT_TARGET = 12.0;
				MTL_ENABLE_DEBUG_INFO = NO;
				MTL_FAST_MATH = YES;
				SDKROOT = iphoneos;
				SWIFT_COMPILATION_MODE = wholemodule;
				SWIFT_OPTIMIZATION_LEVEL = "-O";
				VALIDATE_PRODUCT = YES;
			};
			name = Release;
		};
		FFAB4E8E2163465F00AE82EA /* Debug */ = {
			isa = XCBuildConfiguration;
			baseConfigurationReference = 5F0C5A58696AEC9B6853308C /* Pods-imh_corp_ios.debug.xcconfig */;
			buildSettings = {
				ASSETCATALOG_COMPILER_APPICON_NAME = AppIcon;
				CODE_SIGN_STYLE = Automatic;
				DEVELOPMENT_TEAM = 4SPZ465GFN;
				INFOPLIST_FILE = "$(SRCROOT)/imh_corp_ios/res/Info.plist";
				IPHONEOS_DEPLOYMENT_TARGET = 10.0;
				LD_RUNPATH_SEARCH_PATHS = (
					"$(inherited)",
					"@executable_path/Frameworks",
				);
				PRODUCT_BUNDLE_IDENTIFIER = "com.imh.imh-corp-ios";
				PRODUCT_NAME = "$(TARGET_NAME)";
				SWIFT_VERSION = 4.2;
				TARGETED_DEVICE_FAMILY = "1,2";
			};
			name = Debug;
		};
		FFAB4E8F2163465F00AE82EA /* Release */ = {
			isa = XCBuildConfiguration;
			baseConfigurationReference = 0810B094BC5ED48F45CB4854 /* Pods-imh_corp_ios.release.xcconfig */;
			buildSettings = {
				ASSETCATALOG_COMPILER_APPICON_NAME = AppIcon;
				CODE_SIGN_STYLE = Automatic;
				DEVELOPMENT_TEAM = 4SPZ465GFN;
				INFOPLIST_FILE = "$(SRCROOT)/imh_corp_ios/res/Info.plist";
				IPHONEOS_DEPLOYMENT_TARGET = 10.0;
				LD_RUNPATH_SEARCH_PATHS = (
					"$(inherited)",
					"@executable_path/Frameworks",
				);
				PRODUCT_BUNDLE_IDENTIFIER = "com.imh.imh-corp-ios";
				PRODUCT_NAME = "$(TARGET_NAME)";
				SWIFT_VERSION = 4.2;
				TARGETED_DEVICE_FAMILY = "1,2";
			};
			name = Release;
		};
		FFAB4E912163465F00AE82EA /* Debug */ = {
			isa = XCBuildConfiguration;
			baseConfigurationReference = 4D0D0FFB817B6CB098FDE1BA /* Pods-imh_corp_iosTests.debug.xcconfig */;
			buildSettings = {
				ALWAYS_EMBED_SWIFT_STANDARD_LIBRARIES = YES;
				BUNDLE_LOADER = "$(TEST_HOST)";
				CODE_SIGN_STYLE = Automatic;
				DEVELOPMENT_TEAM = 4SPZ465GFN;
				INFOPLIST_FILE = imh_corp_iosTests/Info.plist;
				LD_RUNPATH_SEARCH_PATHS = (
					"$(inherited)",
					"@executable_path/Frameworks",
					"@loader_path/Frameworks",
				);
				PRODUCT_BUNDLE_IDENTIFIER = "com.imh.imh-corp-iosTests";
				PRODUCT_NAME = "$(TARGET_NAME)";
				SWIFT_VERSION = 4.2;
				TARGETED_DEVICE_FAMILY = "1,2";
				TEST_HOST = "$(BUILT_PRODUCTS_DIR)/imh_corp_ios.app/imh_corp_ios";
			};
			name = Debug;
		};
		FFAB4E922163465F00AE82EA /* Release */ = {
			isa = XCBuildConfiguration;
			baseConfigurationReference = 2FCE2C9C9883EA1FDC817CBE /* Pods-imh_corp_iosTests.release.xcconfig */;
			buildSettings = {
				ALWAYS_EMBED_SWIFT_STANDARD_LIBRARIES = YES;
				BUNDLE_LOADER = "$(TEST_HOST)";
				CODE_SIGN_STYLE = Automatic;
				DEVELOPMENT_TEAM = 4SPZ465GFN;
				INFOPLIST_FILE = imh_corp_iosTests/Info.plist;
				LD_RUNPATH_SEARCH_PATHS = (
					"$(inherited)",
					"@executable_path/Frameworks",
					"@loader_path/Frameworks",
				);
				PRODUCT_BUNDLE_IDENTIFIER = "com.imh.imh-corp-iosTests";
				PRODUCT_NAME = "$(TARGET_NAME)";
				SWIFT_VERSION = 4.2;
				TARGETED_DEVICE_FAMILY = "1,2";
				TEST_HOST = "$(BUILT_PRODUCTS_DIR)/imh_corp_ios.app/imh_corp_ios";
			};
			name = Release;
		};
/* End XCBuildConfiguration section */

/* Begin XCConfigurationList section */
		FFAB4E6B2163465C00AE82EA /* Build configuration list for PBXProject "imh_corp_ios" */ = {
			isa = XCConfigurationList;
			buildConfigurations = (
				FFAB4E8B2163465F00AE82EA /* Debug */,
				FFAB4E8C2163465F00AE82EA /* Release */,
			);
			defaultConfigurationIsVisible = 0;
			defaultConfigurationName = Release;
		};
		FFAB4E8D2163465F00AE82EA /* Build configuration list for PBXNativeTarget "imh_corp_ios" */ = {
			isa = XCConfigurationList;
			buildConfigurations = (
				FFAB4E8E2163465F00AE82EA /* Debug */,
				FFAB4E8F2163465F00AE82EA /* Release */,
			);
			defaultConfigurationIsVisible = 0;
			defaultConfigurationName = Release;
		};
		FFAB4E902163465F00AE82EA /* Build configuration list for PBXNativeTarget "imh_corp_iosTests" */ = {
			isa = XCConfigurationList;
			buildConfigurations = (
				FFAB4E912163465F00AE82EA /* Debug */,
				FFAB4E922163465F00AE82EA /* Release */,
			);
			defaultConfigurationIsVisible = 0;
			defaultConfigurationName = Release;
		};
/* End XCConfigurationList section */
	};
	rootObject = FFAB4E682163465C00AE82EA /* Project object */;
}
